// !$*UTF8*$!
{
	archiveVersion = 1;
	classes = {
	};
	objectVersion = 46;
	objects = {

/* Begin PBXBuildFile section */
		A40F708A1BEB269F0023CFDD /* ChannelController.swift in Sources */ = {isa = PBXBuildFile; fileRef = A40F70891BEB269F0023CFDD /* ChannelController.swift */; };
		A40F708C1BEB2DEC0023CFDD /* HttpController.swift in Sources */ = {isa = PBXBuildFile; fileRef = A40F708B1BEB2DEC0023CFDD /* HttpController.swift */; };
		A41D97E21BFC1E2400B9D21F /* EkoButton.swift in Sources */ = {isa = PBXBuildFile; fileRef = A41D97E11BFC1E2400B9D21F /* EkoButton.swift */; };
		A41D97F01BFC446000B9D21F /* OrderButton.swift in Sources */ = {isa = PBXBuildFile; fileRef = A41D97EF1BFC446000B9D21F /* OrderButton.swift */; };
		A41D97F21BFC46E300B9D21F /* HRToast+UIView.swift in Sources */ = {isa = PBXBuildFile; fileRef = A41D97F11BFC46E300B9D21F /* HRToast+UIView.swift */; };
		A42119751BE8F6DB007BBEC0 /* AppDelegate.swift in Sources */ = {isa = PBXBuildFile; fileRef = A42119741BE8F6DB007BBEC0 /* AppDelegate.swift */; };
		A42119771BE8F6DB007BBEC0 /* ViewController.swift in Sources */ = {isa = PBXBuildFile; fileRef = A42119761BE8F6DB007BBEC0 /* ViewController.swift */; };
		A421197A1BE8F6DB007BBEC0 /* Main.storyboard in Resources */ = {isa = PBXBuildFile; fileRef = A42119781BE8F6DB007BBEC0 /* Main.storyboard */; };
		A421197D1BE8F6DB007BBEC0 /* DBFM.xcdatamodeld in Sources */ = {isa = PBXBuildFile; fileRef = A421197B1BE8F6DB007BBEC0 /* DBFM.xcdatamodeld */; };
		A421197F1BE8F6DB007BBEC0 /* Assets.xcassets in Resources */ = {isa = PBXBuildFile; fileRef = A421197E1BE8F6DB007BBEC0 /* Assets.xcassets */; };
		A42119821BE8F6DB007BBEC0 /* LaunchScreen.storyboard in Resources */ = {isa = PBXBuildFile; fileRef = A42119801BE8F6DB007BBEC0 /* LaunchScreen.storyboard */; };
		A421198D1BE8F6DB007BBEC0 /* DBFMTests.swift in Sources */ = {isa = PBXBuildFile; fileRef = A421198C1BE8F6DB007BBEC0 /* DBFMTests.swift */; };
		A42119981BE8F6DB007BBEC0 /* DBFMUITests.swift in Sources */ = {isa = PBXBuildFile; fileRef = A42119971BE8F6DB007BBEC0 /* DBFMUITests.swift */; };
		A4798B441BEB478100860BBB /* SwiftyJSON.framework in Frameworks */ = {isa = PBXBuildFile; fileRef = A4798B371BEB477700860BBB /* SwiftyJSON.framework */; };
		A4798B451BEB478100860BBB /* SwiftyJSON.framework in Embed Frameworks */ = {isa = PBXBuildFile; fileRef = A4798B371BEB477700860BBB /* SwiftyJSON.framework */; settings = {ATTRIBUTES = (CodeSignOnCopy, RemoveHeadersOnCopy, ); }; };
		A4798B481BEB478100860BBB /* Alamofire.framework in Frameworks */ = {isa = PBXBuildFile; fileRef = A4798B1F1BEB477100860BBB /* Alamofire.framework */; };
		A4798B491BEB478100860BBB /* Alamofire.framework in Embed Frameworks */ = {isa = PBXBuildFile; fileRef = A4798B1F1BEB477100860BBB /* Alamofire.framework */; settings = {ATTRIBUTES = (CodeSignOnCopy, RemoveHeadersOnCopy, ); }; };
		A4F11DF31BE9DE2B00A3C74C /* EkoImage.swift in Sources */ = {isa = PBXBuildFile; fileRef = A4F11DF21BE9DE2B00A3C74C /* EkoImage.swift */; };
/* End PBXBuildFile section */

/* Begin PBXContainerItemProxy section */
		A42119891BE8F6DB007BBEC0 /* PBXContainerItemProxy */ = {
			isa = PBXContainerItemProxy;
			containerPortal = A42119691BE8F6DB007BBEC0 /* Project object */;
			proxyType = 1;
			remoteGlobalIDString = A42119701BE8F6DB007BBEC0;
			remoteInfo = DBFM;
		};
		A42119941BE8F6DB007BBEC0 /* PBXContainerItemProxy */ = {
			isa = PBXContainerItemProxy;
			containerPortal = A42119691BE8F6DB007BBEC0 /* Project object */;
			proxyType = 1;
			remoteGlobalIDString = A42119701BE8F6DB007BBEC0;
			remoteInfo = DBFM;
		};
		A4798B1E1BEB477100860BBB /* PBXContainerItemProxy */ = {
			isa = PBXContainerItemProxy;
			containerPortal = A4798B141BEB477100860BBB /* Alamofire.xcodeproj */;
			proxyType = 2;
			remoteGlobalIDString = F8111E3319A95C8B0040E7D1;
			remoteInfo = "Alamofire iOS";
		};
		A4798B201BEB477100860BBB /* PBXContainerItemProxy */ = {
			isa = PBXContainerItemProxy;
			containerPortal = A4798B141BEB477100860BBB /* Alamofire.xcodeproj */;
			proxyType = 2;
			remoteGlobalIDString = F8111E3E19A95C8B0040E7D1;
			remoteInfo = "Alamofire iOS Tests";
		};
		A4798B221BEB477100860BBB /* PBXContainerItemProxy */ = {
			isa = PBXContainerItemProxy;
			containerPortal = A4798B141BEB477100860BBB /* Alamofire.xcodeproj */;
			proxyType = 2;
			remoteGlobalIDString = 4DD67C0B1A5C55C900ED2280;
			remoteInfo = "Alamofire OSX";
		};
		A4798B241BEB477100860BBB /* PBXContainerItemProxy */ = {
			isa = PBXContainerItemProxy;
			containerPortal = A4798B141BEB477100860BBB /* Alamofire.xcodeproj */;
			proxyType = 2;
			remoteGlobalIDString = F829C6B21A7A94F100A2CD59;
			remoteInfo = "Alamofire OSX Tests";
		};
		A4798B261BEB477100860BBB /* PBXContainerItemProxy */ = {
			isa = PBXContainerItemProxy;
			containerPortal = A4798B141BEB477100860BBB /* Alamofire.xcodeproj */;
			proxyType = 2;
			remoteGlobalIDString = 4CF626EF1BA7CB3E0011A099;
			remoteInfo = "Alamofire tvOS";
		};
		A4798B281BEB477100860BBB /* PBXContainerItemProxy */ = {
			isa = PBXContainerItemProxy;
			containerPortal = A4798B141BEB477100860BBB /* Alamofire.xcodeproj */;
			proxyType = 2;
			remoteGlobalIDString = 4CF626F81BA7CB3E0011A099;
			remoteInfo = "Alamofire tvOS Tests";
		};
		A4798B2A1BEB477100860BBB /* PBXContainerItemProxy */ = {
			isa = PBXContainerItemProxy;
			containerPortal = A4798B141BEB477100860BBB /* Alamofire.xcodeproj */;
			proxyType = 2;
			remoteGlobalIDString = E4202FE01B667AA100C997FB;
			remoteInfo = "Alamofire watchOS";
		};
		A4798B361BEB477700860BBB /* PBXContainerItemProxy */ = {
			isa = PBXContainerItemProxy;
			containerPortal = A4798B2C1BEB477700860BBB /* SwiftyJSON.xcodeproj */;
			proxyType = 2;
			remoteGlobalIDString = 2E4FEFDB19575BE100351305;
			remoteInfo = "SwiftyJSON iOS";
		};
		A4798B381BEB477700860BBB /* PBXContainerItemProxy */ = {
			isa = PBXContainerItemProxy;
			containerPortal = A4798B2C1BEB477700860BBB /* SwiftyJSON.xcodeproj */;
			proxyType = 2;
			remoteGlobalIDString = 2E4FEFE619575BE100351305;
			remoteInfo = "SwiftyJSON iOS Tests";
		};
		A4798B3A1BEB477700860BBB /* PBXContainerItemProxy */ = {
			isa = PBXContainerItemProxy;
			containerPortal = A4798B2C1BEB477700860BBB /* SwiftyJSON.xcodeproj */;
			proxyType = 2;
			remoteGlobalIDString = 9C7DFC5B1A9102BD005AA3F7;
			remoteInfo = "SwiftyJSON OSX";
		};
		A4798B3C1BEB477700860BBB /* PBXContainerItemProxy */ = {
			isa = PBXContainerItemProxy;
			containerPortal = A4798B2C1BEB477700860BBB /* SwiftyJSON.xcodeproj */;
			proxyType = 2;
			remoteGlobalIDString = 9C7DFC651A9102BD005AA3F7;
			remoteInfo = "SwiftyJSON OSX Tests";
		};
		A4798B3E1BEB477700860BBB /* PBXContainerItemProxy */ = {
			isa = PBXContainerItemProxy;
			containerPortal = A4798B2C1BEB477700860BBB /* SwiftyJSON.xcodeproj */;
			proxyType = 2;
			remoteGlobalIDString = E4D7CCE81B9465A700EE7221;
			remoteInfo = "SwiftyJSON watchOS";
		};
		A4798B401BEB477700860BBB /* PBXContainerItemProxy */ = {
			isa = PBXContainerItemProxy;
			containerPortal = A4798B2C1BEB477700860BBB /* SwiftyJSON.xcodeproj */;
			proxyType = 2;
			remoteGlobalIDString = 7236B4F61BAC14150020529B;
			remoteInfo = "SwiftyJSON tvOS";
		};
		A4798B421BEB477700860BBB /* PBXContainerItemProxy */ = {
			isa = PBXContainerItemProxy;
			containerPortal = A4798B2C1BEB477700860BBB /* SwiftyJSON.xcodeproj */;
			proxyType = 2;
			remoteGlobalIDString = A8580F741BCF5C5B00DA927B;
			remoteInfo = "SwiftyJSON tvOS Tests";
		};
		A4798B461BEB478100860BBB /* PBXContainerItemProxy */ = {
			isa = PBXContainerItemProxy;
			containerPortal = A4798B2C1BEB477700860BBB /* SwiftyJSON.xcodeproj */;
			proxyType = 1;
			remoteGlobalIDString = 2E4FEFDA19575BE100351305;
			remoteInfo = "SwiftyJSON iOS";
		};
		A4798B4A1BEB478100860BBB /* PBXContainerItemProxy */ = {
			isa = PBXContainerItemProxy;
			containerPortal = A4798B141BEB477100860BBB /* Alamofire.xcodeproj */;
			proxyType = 1;
			remoteGlobalIDString = F8111E3219A95C8B0040E7D1;
			remoteInfo = "Alamofire iOS";
		};
/* End PBXContainerItemProxy section */

/* Begin PBXCopyFilesBuildPhase section */
		A4FE85641BEB458700F83285 /* Embed Frameworks */ = {
			isa = PBXCopyFilesBuildPhase;
			buildActionMask = 2147483647;
			dstPath = "";
			dstSubfolderSpec = 10;
			files = (
				A4798B451BEB478100860BBB /* SwiftyJSON.framework in Embed Frameworks */,
				A4798B491BEB478100860BBB /* Alamofire.framework in Embed Frameworks */,
			);
			name = "Embed Frameworks";
			runOnlyForDeploymentPostprocessing = 0;
		};
/* End PBXCopyFilesBuildPhase section */

/* Begin PBXFileReference section */
		A40F70891BEB269F0023CFDD /* ChannelController.swift */ = {isa = PBXFileReference; fileEncoding = 4; lastKnownFileType = sourcecode.swift; path = ChannelController.swift; sourceTree = "<group>"; };
		A40F708B1BEB2DEC0023CFDD /* HttpController.swift */ = {isa = PBXFileReference; fileEncoding = 4; lastKnownFileType = sourcecode.swift; path = HttpController.swift; sourceTree = "<group>"; };
		A41D97E11BFC1E2400B9D21F /* EkoButton.swift */ = {isa = PBXFileReference; fileEncoding = 4; lastKnownFileType = sourcecode.swift; path = EkoButton.swift; sourceTree = "<group>"; };
		A41D97EF1BFC446000B9D21F /* OrderButton.swift */ = {isa = PBXFileReference; fileEncoding = 4; lastKnownFileType = sourcecode.swift; path = OrderButton.swift; sourceTree = "<group>"; };
		A41D97F11BFC46E300B9D21F /* HRToast+UIView.swift */ = {isa = PBXFileReference; fileEncoding = 4; lastKnownFileType = sourcecode.swift; path = "HRToast+UIView.swift"; sourceTree = "<group>"; };
		A42119711BE8F6DB007BBEC0 /* DBFM.app */ = {isa = PBXFileReference; explicitFileType = wrapper.application; includeInIndex = 0; path = DBFM.app; sourceTree = BUILT_PRODUCTS_DIR; };
		A42119741BE8F6DB007BBEC0 /* AppDelegate.swift */ = {isa = PBXFileReference; lastKnownFileType = sourcecode.swift; path = AppDelegate.swift; sourceTree = "<group>"; };
		A42119761BE8F6DB007BBEC0 /* ViewController.swift */ = {isa = PBXFileReference; lastKnownFileType = sourcecode.swift; path = ViewController.swift; sourceTree = "<group>"; };
		A42119791BE8F6DB007BBEC0 /* Base */ = {isa = PBXFileReference; lastKnownFileType = file.storyboard; name = Base; path = Base.lproj/Main.storyboard; sourceTree = "<group>"; };
		A421197C1BE8F6DB007BBEC0 /* DBFM.xcdatamodel */ = {isa = PBXFileReference; lastKnownFileType = wrapper.xcdatamodel; path = DBFM.xcdatamodel; sourceTree = "<group>"; };
		A421197E1BE8F6DB007BBEC0 /* Assets.xcassets */ = {isa = PBXFileReference; lastKnownFileType = folder.assetcatalog; path = Assets.xcassets; sourceTree = "<group>"; };
		A42119811BE8F6DB007BBEC0 /* Base */ = {isa = PBXFileReference; lastKnownFileType = file.storyboard; name = Base; path = Base.lproj/LaunchScreen.storyboard; sourceTree = "<group>"; };
		A42119831BE8F6DB007BBEC0 /* Info.plist */ = {isa = PBXFileReference; lastKnownFileType = text.plist.xml; path = Info.plist; sourceTree = "<group>"; };
		A42119881BE8F6DB007BBEC0 /* DBFMTests.xctest */ = {isa = PBXFileReference; explicitFileType = wrapper.cfbundle; includeInIndex = 0; path = DBFMTests.xctest; sourceTree = BUILT_PRODUCTS_DIR; };
		A421198C1BE8F6DB007BBEC0 /* DBFMTests.swift */ = {isa = PBXFileReference; lastKnownFileType = sourcecode.swift; path = DBFMTests.swift; sourceTree = "<group>"; };
		A421198E1BE8F6DB007BBEC0 /* Info.plist */ = {isa = PBXFileReference; lastKnownFileType = text.plist.xml; path = Info.plist; sourceTree = "<group>"; };
		A42119931BE8F6DB007BBEC0 /* DBFMUITests.xctest */ = {isa = PBXFileReference; explicitFileType = wrapper.cfbundle; includeInIndex = 0; path = DBFMUITests.xctest; sourceTree = BUILT_PRODUCTS_DIR; };
		A42119971BE8F6DB007BBEC0 /* DBFMUITests.swift */ = {isa = PBXFileReference; lastKnownFileType = sourcecode.swift; path = DBFMUITests.swift; sourceTree = "<group>"; };
		A42119991BE8F6DB007BBEC0 /* Info.plist */ = {isa = PBXFileReference; lastKnownFileType = text.plist.xml; path = Info.plist; sourceTree = "<group>"; };
		A4798B141BEB477100860BBB /* Alamofire.xcodeproj */ = {isa = PBXFileReference; lastKnownFileType = "wrapper.pb-project"; name = Alamofire.xcodeproj; path = "Alamofire-master/Alamofire.xcodeproj"; sourceTree = "<group>"; };
		A4798B2C1BEB477700860BBB /* SwiftyJSON.xcodeproj */ = {isa = PBXFileReference; lastKnownFileType = "wrapper.pb-project"; name = SwiftyJSON.xcodeproj; path = "SwiftyJSON-master/SwiftyJSON.xcodeproj"; sourceTree = "<group>"; };
		A4F11DF21BE9DE2B00A3C74C /* EkoImage.swift */ = {isa = PBXFileReference; fileEncoding = 4; lastKnownFileType = sourcecode.swift; path = EkoImage.swift; sourceTree = "<group>"; };
/* End PBXFileReference section */

/* Begin PBXFrameworksBuildPhase section */
		A421196E1BE8F6DB007BBEC0 /* Frameworks */ = {
			isa = PBXFrameworksBuildPhase;
			buildActionMask = 2147483647;
			files = (
				A4798B441BEB478100860BBB /* SwiftyJSON.framework in Frameworks */,
				A4798B481BEB478100860BBB /* Alamofire.framework in Frameworks */,
			);
			runOnlyForDeploymentPostprocessing = 0;
		};
		A42119851BE8F6DB007BBEC0 /* Frameworks */ = {
			isa = PBXFrameworksBuildPhase;
			buildActionMask = 2147483647;
			files = (
			);
			runOnlyForDeploymentPostprocessing = 0;
		};
		A42119901BE8F6DB007BBEC0 /* Frameworks */ = {
			isa = PBXFrameworksBuildPhase;
			buildActionMask = 2147483647;
			files = (
			);
			runOnlyForDeploymentPostprocessing = 0;
		};
/* End PBXFrameworksBuildPhase section */

/* Begin PBXGroup section */
		A42119681BE8F6DB007BBEC0 = {
			isa = PBXGroup;
			children = (
				A4798B2C1BEB477700860BBB /* SwiftyJSON.xcodeproj */,
				A4798B141BEB477100860BBB /* Alamofire.xcodeproj */,
				A42119731BE8F6DB007BBEC0 /* DBFM */,
				A421198B1BE8F6DB007BBEC0 /* DBFMTests */,
				A42119961BE8F6DB007BBEC0 /* DBFMUITests */,
				A42119721BE8F6DB007BBEC0 /* Products */,
			);
			sourceTree = "<group>";
		};
		A42119721BE8F6DB007BBEC0 /* Products */ = {
			isa = PBXGroup;
			children = (
				A42119711BE8F6DB007BBEC0 /* DBFM.app */,
				A42119881BE8F6DB007BBEC0 /* DBFMTests.xctest */,
				A42119931BE8F6DB007BBEC0 /* DBFMUITests.xctest */,
			);
			name = Products;
			sourceTree = "<group>";
		};
		A42119731BE8F6DB007BBEC0 /* DBFM */ = {
			isa = PBXGroup;
			children = (
				A41D97F11BFC46E300B9D21F /* HRToast+UIView.swift */,
				A42119741BE8F6DB007BBEC0 /* AppDelegate.swift */,
				A4F11DF21BE9DE2B00A3C74C /* EkoImage.swift */,
				A41D97E11BFC1E2400B9D21F /* EkoButton.swift */,
				A41D97EF1BFC446000B9D21F /* OrderButton.swift */,
				A42119761BE8F6DB007BBEC0 /* ViewController.swift */,
				A40F70891BEB269F0023CFDD /* ChannelController.swift */,
				A40F708B1BEB2DEC0023CFDD /* HttpController.swift */,
				A42119781BE8F6DB007BBEC0 /* Main.storyboard */,
				A421197E1BE8F6DB007BBEC0 /* Assets.xcassets */,
				A42119801BE8F6DB007BBEC0 /* LaunchScreen.storyboard */,
				A42119831BE8F6DB007BBEC0 /* Info.plist */,
				A421197B1BE8F6DB007BBEC0 /* DBFM.xcdatamodeld */,
			);
			path = DBFM;
			sourceTree = "<group>";
		};
		A421198B1BE8F6DB007BBEC0 /* DBFMTests */ = {
			isa = PBXGroup;
			children = (
				A421198C1BE8F6DB007BBEC0 /* DBFMTests.swift */,
				A421198E1BE8F6DB007BBEC0 /* Info.plist */,
			);
			path = DBFMTests;
			sourceTree = "<group>";
		};
		A42119961BE8F6DB007BBEC0 /* DBFMUITests */ = {
			isa = PBXGroup;
			children = (
				A42119971BE8F6DB007BBEC0 /* DBFMUITests.swift */,
				A42119991BE8F6DB007BBEC0 /* Info.plist */,
			);
			path = DBFMUITests;
			sourceTree = "<group>";
		};
		A4798B151BEB477100860BBB /* Products */ = {
			isa = PBXGroup;
			children = (
				A4798B1F1BEB477100860BBB /* Alamofire.framework */,
				A4798B211BEB477100860BBB /* Alamofire iOS Tests.xctest */,
				A4798B231BEB477100860BBB /* Alamofire.framework */,
				A4798B251BEB477100860BBB /* Alamofire OSX Tests.xctest */,
				A4798B271BEB477100860BBB /* Alamofire.framework */,
				A4798B291BEB477100860BBB /* Alamofire tvOS Tests.xctest */,
				A4798B2B1BEB477100860BBB /* Alamofire.framework */,
			);
			name = Products;
			sourceTree = "<group>";
		};
		A4798B2D1BEB477700860BBB /* Products */ = {
			isa = PBXGroup;
			children = (
				A4798B371BEB477700860BBB /* SwiftyJSON.framework */,
				A4798B391BEB477700860BBB /* SwiftyJSON iOS Tests.xctest */,
				A4798B3B1BEB477700860BBB /* SwiftyJSON.framework */,
				A4798B3D1BEB477700860BBB /* SwiftyJSON OSX Tests.xctest */,
				A4798B3F1BEB477700860BBB /* SwiftyJSON.framework */,
				A4798B411BEB477700860BBB /* SwiftyJSON.framework */,
				A4798B431BEB477700860BBB /* SwiftyJSON tvOS Tests.xctest */,
			);
			name = Products;
			sourceTree = "<group>";
		};
/* End PBXGroup section */

/* Begin PBXNativeTarget section */
		A42119701BE8F6DB007BBEC0 /* DBFM */ = {
			isa = PBXNativeTarget;
			buildConfigurationList = A421199C1BE8F6DB007BBEC0 /* Build configuration list for PBXNativeTarget "DBFM" */;
			buildPhases = (
				A421196D1BE8F6DB007BBEC0 /* Sources */,
				A421196E1BE8F6DB007BBEC0 /* Frameworks */,
				A421196F1BE8F6DB007BBEC0 /* Resources */,
				A4FE85641BEB458700F83285 /* Embed Frameworks */,
			);
			buildRules = (
			);
			dependencies = (
				A4798B471BEB478100860BBB /* PBXTargetDependency */,
				A4798B4B1BEB478100860BBB /* PBXTargetDependency */,
			);
			name = DBFM;
			productName = DBFM;
			productReference = A42119711BE8F6DB007BBEC0 /* DBFM.app */;
			productType = "com.apple.product-type.application";
		};
		A42119871BE8F6DB007BBEC0 /* DBFMTests */ = {
			isa = PBXNativeTarget;
			buildConfigurationList = A421199F1BE8F6DB007BBEC0 /* Build configuration list for PBXNativeTarget "DBFMTests" */;
			buildPhases = (
				A42119841BE8F6DB007BBEC0 /* Sources */,
				A42119851BE8F6DB007BBEC0 /* Frameworks */,
				A42119861BE8F6DB007BBEC0 /* Resources */,
			);
			buildRules = (
			);
			dependencies = (
				A421198A1BE8F6DB007BBEC0 /* PBXTargetDependency */,
			);
			name = DBFMTests;
			productName = DBFMTests;
			productReference = A42119881BE8F6DB007BBEC0 /* DBFMTests.xctest */;
			productType = "com.apple.product-type.bundle.unit-test";
		};
		A42119921BE8F6DB007BBEC0 /* DBFMUITests */ = {
			isa = PBXNativeTarget;
			buildConfigurationList = A42119A21BE8F6DB007BBEC0 /* Build configuration list for PBXNativeTarget "DBFMUITests" */;
			buildPhases = (
				A421198F1BE8F6DB007BBEC0 /* Sources */,
				A42119901BE8F6DB007BBEC0 /* Frameworks */,
				A42119911BE8F6DB007BBEC0 /* Resources */,
			);
			buildRules = (
			);
			dependencies = (
				A42119951BE8F6DB007BBEC0 /* PBXTargetDependency */,
			);
			name = DBFMUITests;
			productName = DBFMUITests;
			productReference = A42119931BE8F6DB007BBEC0 /* DBFMUITests.xctest */;
			productType = "com.apple.product-type.bundle.ui-testing";
		};
/* End PBXNativeTarget section */

/* Begin PBXProject section */
		A42119691BE8F6DB007BBEC0 /* Project object */ = {
			isa = PBXProject;
			attributes = {
				LastSwiftUpdateCheck = 0710;
				LastUpgradeCheck = 0710;
				ORGANIZATIONNAME = YaoJ;
				TargetAttributes = {
					A42119701BE8F6DB007BBEC0 = {
						CreatedOnToolsVersion = 7.1;
					};
					A42119871BE8F6DB007BBEC0 = {
						CreatedOnToolsVersion = 7.1;
						TestTargetID = A42119701BE8F6DB007BBEC0;
					};
					A42119921BE8F6DB007BBEC0 = {
						CreatedOnToolsVersion = 7.1;
						TestTargetID = A42119701BE8F6DB007BBEC0;
					};
				};
			};
			buildConfigurationList = A421196C1BE8F6DB007BBEC0 /* Build configuration list for PBXProject "DBFM" */;
			compatibilityVersion = "Xcode 3.2";
			developmentRegion = English;
			hasScannedForEncodings = 0;
			knownRegions = (
				en,
				Base,
			);
			mainGroup = A42119681BE8F6DB007BBEC0;
			productRefGroup = A42119721BE8F6DB007BBEC0 /* Products */;
			projectDirPath = "";
			projectReferences = (
				{
					ProductGroup = A4798B151BEB477100860BBB /* Products */;
					ProjectRef = A4798B141BEB477100860BBB /* Alamofire.xcodeproj */;
				},
				{
					ProductGroup = A4798B2D1BEB477700860BBB /* Products */;
					ProjectRef = A4798B2C1BEB477700860BBB /* SwiftyJSON.xcodeproj */;
				},
			);
			projectRoot = "";
			targets = (
				A42119701BE8F6DB007BBEC0 /* DBFM */,
				A42119871BE8F6DB007BBEC0 /* DBFMTests */,
				A42119921BE8F6DB007BBEC0 /* DBFMUITests */,
			);
		};
/* End PBXProject section */

/* Begin PBXReferenceProxy section */
		A4798B1F1BEB477100860BBB /* Alamofire.framework */ = {
			isa = PBXReferenceProxy;
			fileType = wrapper.framework;
			path = Alamofire.framework;
			remoteRef = A4798B1E1BEB477100860BBB /* PBXContainerItemProxy */;
			sourceTree = BUILT_PRODUCTS_DIR;
		};
		A4798B211BEB477100860BBB /* Alamofire iOS Tests.xctest */ = {
			isa = PBXReferenceProxy;
			fileType = wrapper.cfbundle;
			path = "Alamofire iOS Tests.xctest";
			remoteRef = A4798B201BEB477100860BBB /* PBXContainerItemProxy */;
			sourceTree = BUILT_PRODUCTS_DIR;
		};
		A4798B231BEB477100860BBB /* Alamofire.framework */ = {
			isa = PBXReferenceProxy;
			fileType = wrapper.framework;
			path = Alamofire.framework;
			remoteRef = A4798B221BEB477100860BBB /* PBXContainerItemProxy */;
			sourceTree = BUILT_PRODUCTS_DIR;
		};
		A4798B251BEB477100860BBB /* Alamofire OSX Tests.xctest */ = {
			isa = PBXReferenceProxy;
			fileType = wrapper.cfbundle;
			path = "Alamofire OSX Tests.xctest";
			remoteRef = A4798B241BEB477100860BBB /* PBXContainerItemProxy */;
			sourceTree = BUILT_PRODUCTS_DIR;
		};
		A4798B271BEB477100860BBB /* Alamofire.framework */ = {
			isa = PBXReferenceProxy;
			fileType = wrapper.framework;
			path = Alamofire.framework;
			remoteRef = A4798B261BEB477100860BBB /* PBXContainerItemProxy */;
			sourceTree = BUILT_PRODUCTS_DIR;
		};
		A4798B291BEB477100860BBB /* Alamofire tvOS Tests.xctest */ = {
			isa = PBXReferenceProxy;
			fileType = wrapper.cfbundle;
			path = "Alamofire tvOS Tests.xctest";
			remoteRef = A4798B281BEB477100860BBB /* PBXContainerItemProxy */;
			sourceTree = BUILT_PRODUCTS_DIR;
		};
		A4798B2B1BEB477100860BBB /* Alamofire.framework */ = {
			isa = PBXReferenceProxy;
			fileType = wrapper.framework;
			path = Alamofire.framework;
			remoteRef = A4798B2A1BEB477100860BBB /* PBXContainerItemProxy */;
			sourceTree = BUILT_PRODUCTS_DIR;
		};
		A4798B371BEB477700860BBB /* SwiftyJSON.framework */ = {
			isa = PBXReferenceProxy;
			fileType = wrapper.framework;
			path = SwiftyJSON.framework;
			remoteRef = A4798B361BEB477700860BBB /* PBXContainerItemProxy */;
			sourceTree = BUILT_PRODUCTS_DIR;
		};
		A4798B391BEB477700860BBB /* SwiftyJSON iOS Tests.xctest */ = {
			isa = PBXReferenceProxy;
			fileType = wrapper.cfbundle;
			path = "SwiftyJSON iOS Tests.xctest";
			remoteRef = A4798B381BEB477700860BBB /* PBXContainerItemProxy */;
			sourceTree = BUILT_PRODUCTS_DIR;
		};
		A4798B3B1BEB477700860BBB /* SwiftyJSON.framework */ = {
			isa = PBXReferenceProxy;
			fileType = wrapper.framework;
			path = SwiftyJSON.framework;
			remoteRef = A4798B3A1BEB477700860BBB /* PBXContainerItemProxy */;
			sourceTree = BUILT_PRODUCTS_DIR;
		};
		A4798B3D1BEB477700860BBB /* SwiftyJSON OSX Tests.xctest */ = {
			isa = PBXReferenceProxy;
			fileType = wrapper.cfbundle;
			path = "SwiftyJSON OSX Tests.xctest";
			remoteRef = A4798B3C1BEB477700860BBB /* PBXContainerItemProxy */;
			sourceTree = BUILT_PRODUCTS_DIR;
		};
		A4798B3F1BEB477700860BBB /* SwiftyJSON.framework */ = {
			isa = PBXReferenceProxy;
			fileType = wrapper.framework;
			path = SwiftyJSON.framework;
			remoteRef = A4798B3E1BEB477700860BBB /* PBXContainerItemProxy */;
			sourceTree = BUILT_PRODUCTS_DIR;
		};
		A4798B411BEB477700860BBB /* SwiftyJSON.framework */ = {
			isa = PBXReferenceProxy;
			fileType = wrapper.framework;
			path = SwiftyJSON.framework;
			remoteRef = A4798B401BEB477700860BBB /* PBXContainerItemProxy */;
			sourceTree = BUILT_PRODUCTS_DIR;
		};
		A4798B431BEB477700860BBB /* SwiftyJSON tvOS Tests.xctest */ = {
			isa = PBXReferenceProxy;
			fileType = wrapper.cfbundle;
			path = "SwiftyJSON tvOS Tests.xctest";
			remoteRef = A4798B421BEB477700860BBB /* PBXContainerItemProxy */;
			sourceTree = BUILT_PRODUCTS_DIR;
		};
/* End PBXReferenceProxy section */

/* Begin PBXResourcesBuildPhase section */
		A421196F1BE8F6DB007BBEC0 /* Resources */ = {
			isa = PBXResourcesBuildPhase;
			buildActionMask = 2147483647;
			files = (
				A42119821BE8F6DB007BBEC0 /* LaunchScreen.storyboard in Resources */,
				A421197F1BE8F6DB007BBEC0 /* Assets.xcassets in Resources */,
				A421197A1BE8F6DB007BBEC0 /* Main.storyboard in Resources */,
			);
			runOnlyForDeploymentPostprocessing = 0;
		};
		A42119861BE8F6DB007BBEC0 /* Resources */ = {
			isa = PBXResourcesBuildPhase;
			buildActionMask = 2147483647;
			files = (
			);
			runOnlyForDeploymentPostprocessing = 0;
		};
		A42119911BE8F6DB007BBEC0 /* Resources */ = {
			isa = PBXResourcesBuildPhase;
			buildActionMask = 2147483647;
			files = (
			);
			runOnlyForDeploymentPostprocessing = 0;
		};
/* End PBXResourcesBuildPhase section */

/* Begin PBXSourcesBuildPhase section */
		A421196D1BE8F6DB007BBEC0 /* Sources */ = {
			isa = PBXSourcesBuildPhase;
			buildActionMask = 2147483647;
			files = (
				A421197D1BE8F6DB007BBEC0 /* DBFM.xcdatamodeld in Sources */,
				A42119771BE8F6DB007BBEC0 /* ViewController.swift in Sources */,
				A42119751BE8F6DB007BBEC0 /* AppDelegate.swift in Sources */,
				A40F708A1BEB269F0023CFDD /* ChannelController.swift in Sources */,
				A41D97F01BFC446000B9D21F /* OrderButton.swift in Sources */,
				A41D97F21BFC46E300B9D21F /* HRToast+UIView.swift in Sources */,
				A4F11DF31BE9DE2B00A3C74C /* EkoImage.swift in Sources */,
				A40F708C1BEB2DEC0023CFDD /* HttpController.swift in Sources */,
				A41D97E21BFC1E2400B9D21F /* EkoButton.swift in Sources */,
			);
			runOnlyForDeploymentPostprocessing = 0;
		};
		A42119841BE8F6DB007BBEC0 /* Sources */ = {
			isa = PBXSourcesBuildPhase;
			buildActionMask = 2147483647;
			files = (
				A421198D1BE8F6DB007BBEC0 /* DBFMTests.swift in Sources */,
			);
			runOnlyForDeploymentPostprocessing = 0;
		};
		A421198F1BE8F6DB007BBEC0 /* Sources */ = {
			isa = PBXSourcesBuildPhase;
			buildActionMask = 2147483647;
			files = (
				A42119981BE8F6DB007BBEC0 /* DBFMUITests.swift in Sources */,
			);
			runOnlyForDeploymentPostprocessing = 0;
		};
/* End PBXSourcesBuildPhase section */

/* Begin PBXTargetDependency section */
		A421198A1BE8F6DB007BBEC0 /* PBXTargetDependency */ = {
			isa = PBXTargetDependency;
			target = A42119701BE8F6DB007BBEC0 /* DBFM */;
			targetProxy = A42119891BE8F6DB007BBEC0 /* PBXContainerItemProxy */;
		};
		A42119951BE8F6DB007BBEC0 /* PBXTargetDependency */ = {
			isa = PBXTargetDependency;
			target = A42119701BE8F6DB007BBEC0 /* DBFM */;
			targetProxy = A42119941BE8F6DB007BBEC0 /* PBXContainerItemProxy */;
		};
		A4798B471BEB478100860BBB /* PBXTargetDependency */ = {
			isa = PBXTargetDependency;
			name = "SwiftyJSON iOS";
			targetProxy = A4798B461BEB478100860BBB /* PBXContainerItemProxy */;
		};
		A4798B4B1BEB478100860BBB /* PBXTargetDependency */ = {
			isa = PBXTargetDependency;
			name = "Alamofire iOS";
			targetProxy = A4798B4A1BEB478100860BBB /* PBXContainerItemProxy */;
		};
/* End PBXTargetDependency section */

/* Begin PBXVariantGroup section */
		A42119781BE8F6DB007BBEC0 /* Main.storyboard */ = {
			isa = PBXVariantGroup;
			children = (
				A42119791BE8F6DB007BBEC0 /* Base */,
			);
			name = Main.storyboard;
			sourceTree = "<group>";
		};
		A42119801BE8F6DB007BBEC0 /* LaunchScreen.storyboard */ = {
			isa = PBXVariantGroup;
			children = (
				A42119811BE8F6DB007BBEC0 /* Base */,
			);
			name = LaunchScreen.storyboard;
			sourceTree = "<group>";
		};
/* End PBXVariantGroup section */

/* Begin XCBuildConfiguration section */
		A421199A1BE8F6DB007BBEC0 /* Debug */ = {
			isa = XCBuildConfiguration;
			buildSettings = {
				ALWAYS_SEARCH_USER_PATHS = NO;
				CLANG_CXX_LANGUAGE_STANDARD = "gnu++0x";
				CLANG_CXX_LIBRARY = "libc++";
				CLANG_ENABLE_MODULES = YES;
				CLANG_ENABLE_OBJC_ARC = YES;
				CLANG_WARN_BOOL_CONVERSION = YES;
				CLANG_WARN_CONSTANT_CONVERSION = YES;
				CLANG_WARN_DIRECT_OBJC_ISA_USAGE = YES_ERROR;
				CLANG_WARN_EMPTY_BODY = YES;
				CLANG_WARN_ENUM_CONVERSION = YES;
				CLANG_WARN_INT_CONVERSION = YES;
				CLANG_WARN_OBJC_ROOT_CLASS = YES_ERROR;
				CLANG_WARN_UNREACHABLE_CODE = YES;
				CLANG_WARN__DUPLICATE_METHOD_MATCH = YES;
				"CODE_SIGN_IDENTITY[sdk=iphoneos*]" = "iPhone Developer";
				COPY_PHASE_STRIP = NO;
				DEBUG_INFORMATION_FORMAT = dwarf;
				ENABLE_STRICT_OBJC_MSGSEND = YES;
				ENABLE_TESTABILITY = YES;
				GCC_C_LANGUAGE_STANDARD = gnu99;
				GCC_DYNAMIC_NO_PIC = NO;
				GCC_NO_COMMON_BLOCKS = YES;
				GCC_OPTIMIZATION_LEVEL = 0;
				GCC_PREPROCESSOR_DEFINITIONS = (
					"DEBUG=1",
					"$(inherited)",
				);
				GCC_WARN_64_TO_32_BIT_CONVERSION = YES;
				GCC_WARN_ABOUT_RETURN_TYPE = YES_ERROR;
				GCC_WARN_UNDECLARED_SELECTOR = YES;
				GCC_WARN_UNINITIALIZED_AUTOS = YES_AGGRESSIVE;
				GCC_WARN_UNUSED_FUNCTION = YES;
				GCC_WARN_UNUSED_VARIABLE = YES;
				IPHONEOS_DEPLOYMENT_TARGET = 9.1;
				MTL_ENABLE_DEBUG_INFO = YES;
				ONLY_ACTIVE_ARCH = YES;
				SDKROOT = iphoneos;
				SWIFT_OPTIMIZATION_LEVEL = "-Onone";
				TARGETED_DEVICE_FAMILY = "1,2";
			};
			name = Debug;
		};
		A421199B1BE8F6DB007BBEC0 /* Release */ = {
			isa = XCBuildConfiguration;
			buildSettings = {
				ALWAYS_SEARCH_USER_PATHS = NO;
				CLANG_CXX_LANGUAGE_STANDARD = "gnu++0x";
				CLANG_CXX_LIBRARY = "libc++";
				CLANG_ENABLE_MODULES = YES;
				CLANG_ENABLE_OBJC_ARC = YES;
				CLANG_WARN_BOOL_CONVERSION = YES;
				CLANG_WARN_CONSTANT_CONVERSION = YES;
				CLANG_WARN_DIRECT_OBJC_ISA_USAGE = YES_ERROR;
				CLANG_WARN_EMPTY_BODY = YES;
				CLANG_WARN_ENUM_CONVERSION = YES;
				CLANG_WARN_INT_CONVERSION = YES;
				CLANG_WARN_OBJC_ROOT_CLASS = YES_ERROR;
				CLANG_WARN_UNREACHABLE_CODE = YES;
				CLANG_WARN__DUPLICATE_METHOD_MATCH = YES;
				"CODE_SIGN_IDENTITY[sdk=iphoneos*]" = "iPhone Developer";
				COPY_PHASE_STRIP = NO;
				DEBUG_INFORMATION_FORMAT = "dwarf-with-dsym";
				ENABLE_NS_ASSERTIONS = NO;
				ENABLE_STRICT_OBJC_MSGSEND = YES;
				GCC_C_LANGUAGE_STANDARD = gnu99;
				GCC_NO_COMMON_BLOCKS = YES;
				GCC_WARN_64_TO_32_BIT_CONVERSION = YES;
				GCC_WARN_ABOUT_RETURN_TYPE = YES_ERROR;
				GCC_WARN_UNDECLARED_SELECTOR = YES;
				GCC_WARN_UNINITIALIZED_AUTOS = YES_AGGRESSIVE;
				GCC_WARN_UNUSED_FUNCTION = YES;
				GCC_WARN_UNUSED_VARIABLE = YES;
				IPHONEOS_DEPLOYMENT_TARGET = 9.1;
				MTL_ENABLE_DEBUG_INFO = NO;
				SDKROOT = iphoneos;
				TARGETED_DEVICE_FAMILY = "1,2";
				VALIDATE_PRODUCT = YES;
			};
			name = Release;
		};
		A421199D1BE8F6DB007BBEC0 /* Debug */ = {
			isa = XCBuildConfiguration;
			buildSettings = {
				ASSETCATALOG_COMPILER_APPICON_NAME = AppIcon;
				EMBEDDED_CONTENT_CONTAINS_SWIFT = YES;
				INFOPLIST_FILE = DBFM/Info.plist;
				IPHONEOS_DEPLOYMENT_TARGET = 9.0;
				LD_RUNPATH_SEARCH_PATHS = "$(inherited) @executable_path/Frameworks";
				PRODUCT_BUNDLE_IDENTIFIER = net.papayachina.DBFM;
				PRODUCT_NAME = "$(TARGET_NAME)";
			};
			name = Debug;
		};
		A421199E1BE8F6DB007BBEC0 /* Release */ = {
			isa = XCBuildConfiguration;
			buildSettings = {
				ASSETCATALOG_COMPILER_APPICON_NAME = AppIcon;
				EMBEDDED_CONTENT_CONTAINS_SWIFT = YES;
				INFOPLIST_FILE = DBFM/Info.plist;
				IPHONEOS_DEPLOYMENT_TARGET = 9.0;
				LD_RUNPATH_SEARCH_PATHS = "$(inherited) @executable_path/Frameworks";
				PRODUCT_BUNDLE_IDENTIFIER = net.papayachina.DBFM;
				PRODUCT_NAME = "$(TARGET_NAME)";
			};
			name = Release;
		};
		A42119A01BE8F6DB007BBEC0 /* Debug */ = {
			isa = XCBuildConfiguration;
			buildSettings = {
				BUNDLE_LOADER = "$(TEST_HOST)";
				INFOPLIST_FILE = DBFMTests/Info.plist;
				LD_RUNPATH_SEARCH_PATHS = "$(inherited) @executable_path/Frameworks @loader_path/Frameworks";
				PRODUCT_BUNDLE_IDENTIFIER = net.papayachina.DBFMTests;
				PRODUCT_NAME = "$(TARGET_NAME)";
				TEST_HOST = "$(BUILT_PRODUCTS_DIR)/DBFM.app/DBFM";
			};
			name = Debug;
		};
		A42119A11BE8F6DB007BBEC0 /* Release */ = {
			isa = XCBuildConfiguration;
			buildSettings = {
				BUNDLE_LOADER = "$(TEST_HOST)";
				INFOPLIST_FILE = DBFMTests/Info.plist;
				LD_RUNPATH_SEARCH_PATHS = "$(inherited) @executable_path/Frameworks @loader_path/Frameworks";
				PRODUCT_BUNDLE_IDENTIFIER = net.papayachina.DBFMTests;
				PRODUCT_NAME = "$(TARGET_NAME)";
				TEST_HOST = "$(BUILT_PRODUCTS_DIR)/DBFM.app/DBFM";
			};
			name = Release;
		};
		A42119A31BE8F6DB007BBEC0 /* Debug */ = {
			isa = XCBuildConfiguration;
			buildSettings = {
				INFOPLIST_FILE = DBFMUITests/Info.plist;
				LD_RUNPATH_SEARCH_PATHS = "$(inherited) @executable_path/Frameworks @loader_path/Frameworks";
				PRODUCT_BUNDLE_IDENTIFIER = net.papayachina.DBFMUITests;
				PRODUCT_NAME = "$(TARGET_NAME)";
				TEST_TARGET_NAME = DBFM;
				USES_XCTRUNNER = YES;
			};
			name = Debug;
		};
		A42119A41BE8F6DB007BBEC0 /* Release */ = {
			isa = XCBuildConfiguration;
			buildSettings = {
				INFOPLIST_FILE = DBFMUITests/Info.plist;
				LD_RUNPATH_SEARCH_PATHS = "$(inherited) @executable_path/Frameworks @loader_path/Frameworks";
				PRODUCT_BUNDLE_IDENTIFIER = net.papayachina.DBFMUITests;
				PRODUCT_NAME = "$(TARGET_NAME)";
				TEST_TARGET_NAME = DBFM;
				USES_XCTRUNNER = YES;
			};
			name = Release;
		};
/* End XCBuildConfiguration section */

/* Begin XCConfigurationList section */
		A421196C1BE8F6DB007BBEC0 /* Build configuration list for PBXProject "DBFM" */ = {
			isa = XCConfigurationList;
			buildConfigurations = (
				A421199A1BE8F6DB007BBEC0 /* Debug */,
				A421199B1BE8F6DB007BBEC0 /* Release */,
			);
			defaultConfigurationIsVisible = 0;
			defaultConfigurationName = Release;
		};
		A421199C1BE8F6DB007BBEC0 /* Build configuration list for PBXNativeTarget "DBFM" */ = {
			isa = XCConfigurationList;
			buildConfigurations = (
				A421199D1BE8F6DB007BBEC0 /* Debug */,
				A421199E1BE8F6DB007BBEC0 /* Release */,
			);
			defaultConfigurationIsVisible = 0;
			defaultConfigurationName = Release;
		};
		A421199F1BE8F6DB007BBEC0 /* Build configuration list for PBXNativeTarget "DBFMTests" */ = {
			isa = XCConfigurationList;
			buildConfigurations = (
				A42119A01BE8F6DB007BBEC0 /* Debug */,
				A42119A11BE8F6DB007BBEC0 /* Release */,
			);
			defaultConfigurationIsVisible = 0;
			defaultConfigurationName = Release;
		};
		A42119A21BE8F6DB007BBEC0 /* Build configuration list for PBXNativeTarget "DBFMUITests" */ = {
			isa = XCConfigurationList;
			buildConfigurations = (
				A42119A31BE8F6DB007BBEC0 /* Debug */,
				A42119A41BE8F6DB007BBEC0 /* Release */,
			);
			defaultConfigurationIsVisible = 0;
			defaultConfigurationName = Release;
		};
/* End XCConfigurationList section */

/* Begin XCVersionGroup section */
		A421197B1BE8F6DB007BBEC0 /* DBFM.xcdatamodeld */ = {
			isa = XCVersionGroup;
			children = (
				A421197C1BE8F6DB007BBEC0 /* DBFM.xcdatamodel */,
			);
			currentVersion = A421197C1BE8F6DB007BBEC0 /* DBFM.xcdatamodel */;
			path = DBFM.xcdatamodeld;
			sourceTree = "<group>";
			versionGroupType = wrapper.xcdatamodel;
		};
/* End XCVersionGroup section */
	};
	rootObject = A42119691BE8F6DB007BBEC0 /* Project object */;
}
