// !$*UTF8*$!
{
	archiveVersion = 1;
	classes = {
	};
	objectVersion = 46;
	objects = {

/* Begin PBXBuildFile section */
		A41D4DA61BD4C0270002365C /* IMG_0909.png in Resources */ = {isa = PBXBuildFile; fileRef = A41D4DA51BD4C0270002365C /* IMG_0909.png */; };
		A45B6F5A1BD4C89C00E09983 /* qc.caf in Resources */ = {isa = PBXBuildFile; fileRef = A45B6F591BD4C89C00E09983 /* qc.caf */; };
		A4A5F8741BD0BE9400E07396 /* AppDelegate.swift in Sources */ = {isa = PBXBuildFile; fileRef = A4A5F8731BD0BE9400E07396 /* AppDelegate.swift */; };
		A4A5F8761BD0BE9400E07396 /* ViewController.swift in Sources */ = {isa = PBXBuildFile; fileRef = A4A5F8751BD0BE9400E07396 /* ViewController.swift */; };
		A4A5F8791BD0BE9400E07396 /* Main.storyboard in Resources */ = {isa = PBXBuildFile; fileRef = A4A5F8771BD0BE9400E07396 /* Main.storyboard */; };
		A4A5F87B1BD0BE9400E07396 /* Assets.xcassets in Resources */ = {isa = PBXBuildFile; fileRef = A4A5F87A1BD0BE9400E07396 /* Assets.xcassets */; };
		A4A5F87E1BD0BE9400E07396 /* LaunchScreen.storyboard in Resources */ = {isa = PBXBuildFile; fileRef = A4A5F87C1BD0BE9400E07396 /* LaunchScreen.storyboard */; };
		A4A5F8891BD0BE9400E07396 /* ClockTests.swift in Sources */ = {isa = PBXBuildFile; fileRef = A4A5F8881BD0BE9400E07396 /* ClockTests.swift */; };
		A4A5F8941BD0BE9400E07396 /* ClockUITests.swift in Sources */ = {isa = PBXBuildFile; fileRef = A4A5F8931BD0BE9400E07396 /* ClockUITests.swift */; };
/* End PBXBuildFile section */

/* Begin PBXContainerItemProxy section */
		A4A5F8851BD0BE9400E07396 /* PBXContainerItemProxy */ = {
			isa = PBXContainerItemProxy;
			containerPortal = A4A5F8681BD0BE9300E07396 /* Project object */;
			proxyType = 1;
			remoteGlobalIDString = A4A5F86F1BD0BE9400E07396;
			remoteInfo = Clock;
		};
		A4A5F8901BD0BE9400E07396 /* PBXContainerItemProxy */ = {
			isa = PBXContainerItemProxy;
			containerPortal = A4A5F8681BD0BE9300E07396 /* Project object */;
			proxyType = 1;
			remoteGlobalIDString = A4A5F86F1BD0BE9400E07396;
			remoteInfo = Clock;
		};
/* End PBXContainerItemProxy section */

/* Begin PBXFileReference section */
		A41D4DA51BD4C0270002365C /* IMG_0909.png */ = {isa = PBXFileReference; lastKnownFileType = image.png; path = IMG_0909.png; sourceTree = "<group>"; };
		A45B6F591BD4C89C00E09983 /* qc.caf */ = {isa = PBXFileReference; lastKnownFileType = file; path = qc.caf; sourceTree = "<group>"; };
		A4A5F8701BD0BE9400E07396 /* 兔兔专用闹钟.app */ = {isa = PBXFileReference; explicitFileType = wrapper.application; includeInIndex = 0; path = "兔兔专用闹钟.app"; sourceTree = BUILT_PRODUCTS_DIR; };
		A4A5F8731BD0BE9400E07396 /* AppDelegate.swift */ = {isa = PBXFileReference; lastKnownFileType = sourcecode.swift; path = AppDelegate.swift; sourceTree = "<group>"; };
		A4A5F8751BD0BE9400E07396 /* ViewController.swift */ = {isa = PBXFileReference; lastKnownFileType = sourcecode.swift; path = ViewController.swift; sourceTree = "<group>"; };
		A4A5F8781BD0BE9400E07396 /* Base */ = {isa = PBXFileReference; lastKnownFileType = file.storyboard; name = Base; path = Base.lproj/Main.storyboard; sourceTree = "<group>"; };
		A4A5F87A1BD0BE9400E07396 /* Assets.xcassets */ = {isa = PBXFileReference; lastKnownFileType = folder.assetcatalog; path = Assets.xcassets; sourceTree = "<group>"; };
		A4A5F87D1BD0BE9400E07396 /* Base */ = {isa = PBXFileReference; lastKnownFileType = file.storyboard; name = Base; path = Base.lproj/LaunchScreen.storyboard; sourceTree = "<group>"; };
		A4A5F87F1BD0BE9400E07396 /* Info.plist */ = {isa = PBXFileReference; lastKnownFileType = text.plist.xml; path = Info.plist; sourceTree = "<group>"; };
		A4A5F8841BD0BE9400E07396 /* 兔兔专用闹钟.xctest */ = {isa = PBXFileReference; explicitFileType = wrapper.cfbundle; includeInIndex = 0; path = "兔兔专用闹钟.xctest"; sourceTree = BUILT_PRODUCTS_DIR; };
		A4A5F8881BD0BE9400E07396 /* ClockTests.swift */ = {isa = PBXFileReference; lastKnownFileType = sourcecode.swift; path = ClockTests.swift; sourceTree = "<group>"; };
		A4A5F88A1BD0BE9400E07396 /* Info.plist */ = {isa = PBXFileReference; lastKnownFileType = text.plist.xml; path = Info.plist; sourceTree = "<group>"; };
		A4A5F88F1BD0BE9400E07396 /* 兔兔专用闹钟.xctest */ = {isa = PBXFileReference; explicitFileType = wrapper.cfbundle; includeInIndex = 0; path = "兔兔专用闹钟.xctest"; sourceTree = BUILT_PRODUCTS_DIR; };
		A4A5F8931BD0BE9400E07396 /* ClockUITests.swift */ = {isa = PBXFileReference; lastKnownFileType = sourcecode.swift; path = ClockUITests.swift; sourceTree = "<group>"; };
		A4A5F8951BD0BE9400E07396 /* Info.plist */ = {isa = PBXFileReference; lastKnownFileType = text.plist.xml; path = Info.plist; sourceTree = "<group>"; };
/* End PBXFileReference section */

/* Begin PBXFrameworksBuildPhase section */
		A4A5F86D1BD0BE9400E07396 /* Frameworks */ = {
			isa = PBXFrameworksBuildPhase;
			buildActionMask = 2147483647;
			files = (
			);
			runOnlyForDeploymentPostprocessing = 0;
		};
		A4A5F8811BD0BE9400E07396 /* Frameworks */ = {
			isa = PBXFrameworksBuildPhase;
			buildActionMask = 2147483647;
			files = (
			);
			runOnlyForDeploymentPostprocessing = 0;
		};
		A4A5F88C1BD0BE9400E07396 /* Frameworks */ = {
			isa = PBXFrameworksBuildPhase;
			buildActionMask = 2147483647;
			files = (
			);
			runOnlyForDeploymentPostprocessing = 0;
		};
/* End PBXFrameworksBuildPhase section */

/* Begin PBXGroup section */
		A4A5F8671BD0BE9300E07396 = {
			isa = PBXGroup;
			children = (
				A4A5F8721BD0BE9400E07396 /* Clock */,
				A4A5F8871BD0BE9400E07396 /* ClockTests */,
				A4A5F8921BD0BE9400E07396 /* ClockUITests */,
				A4A5F8711BD0BE9400E07396 /* Products */,
			);
			sourceTree = "<group>";
		};
		A4A5F8711BD0BE9400E07396 /* Products */ = {
			isa = PBXGroup;
			children = (
				A4A5F8701BD0BE9400E07396 /* 兔兔专用闹钟.app */,
				A4A5F8841BD0BE9400E07396 /* 兔兔专用闹钟.xctest */,
				A4A5F88F1BD0BE9400E07396 /* 兔兔专用闹钟.xctest */,
			);
			name = Products;
			sourceTree = "<group>";
		};
		A4A5F8721BD0BE9400E07396 /* Clock */ = {
			isa = PBXGroup;
			children = (
				A45B6F591BD4C89C00E09983 /* qc.caf */,
				A41D4DA51BD4C0270002365C /* IMG_0909.png */,
				A4A5F8731BD0BE9400E07396 /* AppDelegate.swift */,
				A4A5F8751BD0BE9400E07396 /* ViewController.swift */,
				A4A5F8771BD0BE9400E07396 /* Main.storyboard */,
				A4A5F87A1BD0BE9400E07396 /* Assets.xcassets */,
				A4A5F87C1BD0BE9400E07396 /* LaunchScreen.storyboard */,
				A4A5F87F1BD0BE9400E07396 /* Info.plist */,
			);
			path = Clock;
			sourceTree = "<group>";
		};
		A4A5F8871BD0BE9400E07396 /* ClockTests */ = {
			isa = PBXGroup;
			children = (
				A4A5F8881BD0BE9400E07396 /* ClockTests.swift */,
				A4A5F88A1BD0BE9400E07396 /* Info.plist */,
			);
			path = ClockTests;
			sourceTree = "<group>";
		};
		A4A5F8921BD0BE9400E07396 /* ClockUITests */ = {
			isa = PBXGroup;
			children = (
				A4A5F8931BD0BE9400E07396 /* ClockUITests.swift */,
				A4A5F8951BD0BE9400E07396 /* Info.plist */,
			);
			path = ClockUITests;
			sourceTree = "<group>";
		};
/* End PBXGroup section */

/* Begin PBXNativeTarget section */
		A4A5F86F1BD0BE9400E07396 /* 兔兔专用闹钟 */ = {
			isa = PBXNativeTarget;
			buildConfigurationList = A4A5F8981BD0BE9400E07396 /* Build configuration list for PBXNativeTarget "兔兔专用闹钟" */;
			buildPhases = (
				A4A5F86C1BD0BE9400E07396 /* Sources */,
				A4A5F86D1BD0BE9400E07396 /* Frameworks */,
				A4A5F86E1BD0BE9400E07396 /* Resources */,
			);
			buildRules = (
			);
			dependencies = (
			);
			name = "兔兔专用闹钟";
			productName = Clock;
			productReference = A4A5F8701BD0BE9400E07396 /* 兔兔专用闹钟.app */;
			productType = "com.apple.product-type.application";
		};
		A4A5F8831BD0BE9400E07396 /* 兔兔专用闹钟Tests */ = {
			isa = PBXNativeTarget;
			buildConfigurationList = A4A5F89B1BD0BE9400E07396 /* Build configuration list for PBXNativeTarget "兔兔专用闹钟Tests" */;
			buildPhases = (
				A4A5F8801BD0BE9400E07396 /* Sources */,
				A4A5F8811BD0BE9400E07396 /* Frameworks */,
				A4A5F8821BD0BE9400E07396 /* Resources */,
			);
			buildRules = (
			);
			dependencies = (
				A4A5F8861BD0BE9400E07396 /* PBXTargetDependency */,
			);
			name = "兔兔专用闹钟Tests";
			productName = ClockTests;
			productReference = A4A5F8841BD0BE9400E07396 /* 兔兔专用闹钟.xctest */;
			productType = "com.apple.product-type.bundle.unit-test";
		};
		A4A5F88E1BD0BE9400E07396 /* 兔兔专用闹钟UITests */ = {
			isa = PBXNativeTarget;
			buildConfigurationList = A4A5F89E1BD0BE9400E07396 /* Build configuration list for PBXNativeTarget "兔兔专用闹钟UITests" */;
			buildPhases = (
				A4A5F88B1BD0BE9400E07396 /* Sources */,
				A4A5F88C1BD0BE9400E07396 /* Frameworks */,
				A4A5F88D1BD0BE9400E07396 /* Resources */,
			);
			buildRules = (
			);
			dependencies = (
				A4A5F8911BD0BE9400E07396 /* PBXTargetDependency */,
			);
			name = "兔兔专用闹钟UITests";
			productName = ClockUITests;
			productReference = A4A5F88F1BD0BE9400E07396 /* 兔兔专用闹钟.xctest */;
			productType = "com.apple.product-type.bundle.ui-testing";
		};
/* End PBXNativeTarget section */

/* Begin PBXProject section */
		A4A5F8681BD0BE9300E07396 /* Project object */ = {
			isa = PBXProject;
			attributes = {
				LastUpgradeCheck = 0700;
				ORGANIZATIONNAME = YaoJ;
				TargetAttributes = {
					A4A5F86F1BD0BE9400E07396 = {
						CreatedOnToolsVersion = 7.0.1;
					};
					A4A5F8831BD0BE9400E07396 = {
						CreatedOnToolsVersion = 7.0.1;
						TestTargetID = A4A5F86F1BD0BE9400E07396;
					};
					A4A5F88E1BD0BE9400E07396 = {
						CreatedOnToolsVersion = 7.0.1;
						TestTargetID = A4A5F86F1BD0BE9400E07396;
					};
				};
			};
			buildConfigurationList = A4A5F86B1BD0BE9300E07396 /* Build configuration list for PBXProject "兔兔专用闹钟" */;
			compatibilityVersion = "Xcode 3.2";
			developmentRegion = English;
			hasScannedForEncodings = 0;
			knownRegions = (
				en,
				Base,
			);
			mainGroup = A4A5F8671BD0BE9300E07396;
			productRefGroup = A4A5F8711BD0BE9400E07396 /* Products */;
			projectDirPath = "";
			projectRoot = "";
			targets = (
				A4A5F86F1BD0BE9400E07396 /* 兔兔专用闹钟 */,
				A4A5F8831BD0BE9400E07396 /* 兔兔专用闹钟Tests */,
				A4A5F88E1BD0BE9400E07396 /* 兔兔专用闹钟UITests */,
			);
		};
/* End PBXProject section */

/* Begin PBXResourcesBuildPhase section */
		A4A5F86E1BD0BE9400E07396 /* Resources */ = {
			isa = PBXResourcesBuildPhase;
			buildActionMask = 2147483647;
			files = (
				A45B6F5A1BD4C89C00E09983 /* qc.caf in Resources */,
				A4A5F87E1BD0BE9400E07396 /* LaunchScreen.storyboard in Resources */,
				A41D4DA61BD4C0270002365C /* IMG_0909.png in Resources */,
				A4A5F87B1BD0BE9400E07396 /* Assets.xcassets in Resources */,
				A4A5F8791BD0BE9400E07396 /* Main.storyboard in Resources */,
			);
			runOnlyForDeploymentPostprocessing = 0;
		};
		A4A5F8821BD0BE9400E07396 /* Resources */ = {
			isa = PBXResourcesBuildPhase;
			buildActionMask = 2147483647;
			files = (
			);
			runOnlyForDeploymentPostprocessing = 0;
		};
		A4A5F88D1BD0BE9400E07396 /* Resources */ = {
			isa = PBXResourcesBuildPhase;
			buildActionMask = 2147483647;
			files = (
			);
			runOnlyForDeploymentPostprocessing = 0;
		};
/* End PBXResourcesBuildPhase section */

/* Begin PBXSourcesBuildPhase section */
		A4A5F86C1BD0BE9400E07396 /* Sources */ = {
			isa = PBXSourcesBuildPhase;
			buildActionMask = 2147483647;
			files = (
				A4A5F8761BD0BE9400E07396 /* ViewController.swift in Sources */,
				A4A5F8741BD0BE9400E07396 /* AppDelegate.swift in Sources */,
			);
			runOnlyForDeploymentPostprocessing = 0;
		};
		A4A5F8801BD0BE9400E07396 /* Sources */ = {
			isa = PBXSourcesBuildPhase;
			buildActionMask = 2147483647;
			files = (
				A4A5F8891BD0BE9400E07396 /* ClockTests.swift in Sources */,
			);
			runOnlyForDeploymentPostprocessing = 0;
		};
		A4A5F88B1BD0BE9400E07396 /* Sources */ = {
			isa = PBXSourcesBuildPhase;
			buildActionMask = 2147483647;
			files = (
				A4A5F8941BD0BE9400E07396 /* ClockUITests.swift in Sources */,
			);
			runOnlyForDeploymentPostprocessing = 0;
		};
/* End PBXSourcesBuildPhase section */

/* Begin PBXTargetDependency section */
		A4A5F8861BD0BE9400E07396 /* PBXTargetDependency */ = {
			isa = PBXTargetDependency;
			target = A4A5F86F1BD0BE9400E07396 /* 兔兔专用闹钟 */;
			targetProxy = A4A5F8851BD0BE9400E07396 /* PBXContainerItemProxy */;
		};
		A4A5F8911BD0BE9400E07396 /* PBXTargetDependency */ = {
			isa = PBXTargetDependency;
			target = A4A5F86F1BD0BE9400E07396 /* 兔兔专用闹钟 */;
			targetProxy = A4A5F8901BD0BE9400E07396 /* PBXContainerItemProxy */;
		};
/* End PBXTargetDependency section */

/* Begin PBXVariantGroup section */
		A4A5F8771BD0BE9400E07396 /* Main.storyboard */ = {
			isa = PBXVariantGroup;
			children = (
				A4A5F8781BD0BE9400E07396 /* Base */,
			);
			name = Main.storyboard;
			sourceTree = "<group>";
		};
		A4A5F87C1BD0BE9400E07396 /* LaunchScreen.storyboard */ = {
			isa = PBXVariantGroup;
			children = (
				A4A5F87D1BD0BE9400E07396 /* Base */,
			);
			name = LaunchScreen.storyboard;
			sourceTree = "<group>";
		};
/* End PBXVariantGroup section */

/* Begin XCBuildConfiguration section */
		A4A5F8961BD0BE9400E07396 /* Debug */ = {
			isa = XCBuildConfiguration;
			buildSettings = {
				ALWAYS_SEARCH_USER_PATHS = NO;
				CLANG_CXX_LANGUAGE_STANDARD = "gnu++0x";
				CLANG_CXX_LIBRARY = "libc++";
				CLANG_ENABLE_MODULES = YES;
				CLANG_ENABLE_OBJC_ARC = YES;
				CLANG_WARN_BOOL_CONVERSION = YES;
				CLANG_WARN_CONSTANT_CONVERSION = YES;
				CLANG_WARN_DIRECT_OBJC_ISA_USAGE = YES_ERROR;
				CLANG_WARN_EMPTY_BODY = YES;
				CLANG_WARN_ENUM_CONVERSION = YES;
				CLANG_WARN_INT_CONVERSION = YES;
				CLANG_WARN_OBJC_ROOT_CLASS = YES_ERROR;
				CLANG_WARN_UNREACHABLE_CODE = YES;
				CLANG_WARN__DUPLICATE_METHOD_MATCH = YES;
				"CODE_SIGN_IDENTITY[sdk=iphoneos*]" = "iPhone Developer";
				COPY_PHASE_STRIP = NO;
				DEBUG_INFORMATION_FORMAT = dwarf;
				ENABLE_STRICT_OBJC_MSGSEND = YES;
				ENABLE_TESTABILITY = YES;
				GCC_C_LANGUAGE_STANDARD = gnu99;
				GCC_DYNAMIC_NO_PIC = NO;
				GCC_NO_COMMON_BLOCKS = YES;
				GCC_OPTIMIZATION_LEVEL = 0;
				GCC_PREPROCESSOR_DEFINITIONS = (
					"DEBUG=1",
					"$(inherited)",
				);
				GCC_WARN_64_TO_32_BIT_CONVERSION = YES;
				GCC_WARN_ABOUT_RETURN_TYPE = YES_ERROR;
				GCC_WARN_UNDECLARED_SELECTOR = YES;
				GCC_WARN_UNINITIALIZED_AUTOS = YES_AGGRESSIVE;
				GCC_WARN_UNUSED_FUNCTION = YES;
				GCC_WARN_UNUSED_VARIABLE = YES;
				IPHONEOS_DEPLOYMENT_TARGET = 9.0;
				MTL_ENABLE_DEBUG_INFO = YES;
				ONLY_ACTIVE_ARCH = YES;
				SDKROOT = iphoneos;
				SWIFT_OPTIMIZATION_LEVEL = "-Onone";
			};
			name = Debug;
		};
		A4A5F8971BD0BE9400E07396 /* Release */ = {
			isa = XCBuildConfiguration;
			buildSettings = {
				ALWAYS_SEARCH_USER_PATHS = NO;
				CLANG_CXX_LANGUAGE_STANDARD = "gnu++0x";
				CLANG_CXX_LIBRARY = "libc++";
				CLANG_ENABLE_MODULES = YES;
				CLANG_ENABLE_OBJC_ARC = YES;
				CLANG_WARN_BOOL_CONVERSION = YES;
				CLANG_WARN_CONSTANT_CONVERSION = YES;
				CLANG_WARN_DIRECT_OBJC_ISA_USAGE = YES_ERROR;
				CLANG_WARN_EMPTY_BODY = YES;
				CLANG_WARN_ENUM_CONVERSION = YES;
				CLANG_WARN_INT_CONVERSION = YES;
				CLANG_WARN_OBJC_ROOT_CLASS = YES_ERROR;
				CLANG_WARN_UNREACHABLE_CODE = YES;
				CLANG_WARN__DUPLICATE_METHOD_MATCH = YES;
				CODE_SIGN_IDENTITY = "iPhone Distribution: Jie Yao (X59S4263JV)";
				"CODE_SIGN_IDENTITY[sdk=iphoneos*]" = "iPhone Distribution: Jie Yao (X59S4263JV)";
				COPY_PHASE_STRIP = NO;
				DEBUG_INFORMATION_FORMAT = "dwarf-with-dsym";
				ENABLE_NS_ASSERTIONS = NO;
				ENABLE_STRICT_OBJC_MSGSEND = YES;
				GCC_C_LANGUAGE_STANDARD = gnu99;
				GCC_NO_COMMON_BLOCKS = YES;
				GCC_WARN_64_TO_32_BIT_CONVERSION = YES;
				GCC_WARN_ABOUT_RETURN_TYPE = YES_ERROR;
				GCC_WARN_UNDECLARED_SELECTOR = YES;
				GCC_WARN_UNINITIALIZED_AUTOS = YES_AGGRESSIVE;
				GCC_WARN_UNUSED_FUNCTION = YES;
				GCC_WARN_UNUSED_VARIABLE = YES;
				IPHONEOS_DEPLOYMENT_TARGET = 9.0;
				MTL_ENABLE_DEBUG_INFO = NO;
				SDKROOT = iphoneos;
				VALIDATE_PRODUCT = YES;
			};
			name = Release;
		};
		A4A5F8991BD0BE9400E07396 /* Debug */ = {
			isa = XCBuildConfiguration;
			buildSettings = {
				ASSETCATALOG_COMPILER_APPICON_NAME = AppIcon;
				INFOPLIST_FILE = Clock/Info.plist;
				LD_RUNPATH_SEARCH_PATHS = "$(inherited) @executable_path/Frameworks";
				PRODUCT_BUNDLE_IDENTIFIER = net.papayachina.Clock;
				PRODUCT_NAME = "兔兔专用闹钟";
			};
			name = Debug;
		};
		A4A5F89A1BD0BE9400E07396 /* Release */ = {
			isa = XCBuildConfiguration;
			buildSettings = {
				ASSETCATALOG_COMPILER_APPICON_NAME = AppIcon;
				INFOPLIST_FILE = Clock/Info.plist;
				LD_RUNPATH_SEARCH_PATHS = "$(inherited) @executable_path/Frameworks";
				PRODUCT_BUNDLE_IDENTIFIER = net.papayachina.Clock;
				PRODUCT_NAME = "兔兔专用闹钟";
			};
			name = Release;
		};
		A4A5F89C1BD0BE9400E07396 /* Debug */ = {
			isa = XCBuildConfiguration;
			buildSettings = {
				BUNDLE_LOADER = "$(TEST_HOST)";
				INFOPLIST_FILE = ClockTests/Info.plist;
				LD_RUNPATH_SEARCH_PATHS = "$(inherited) @executable_path/Frameworks @loader_path/Frameworks";
				PRODUCT_BUNDLE_IDENTIFIER = net.papayachina.ClockTests;
				PRODUCT_NAME = "兔兔专用闹钟";
				TEST_HOST = "$(BUILT_PRODUCTS_DIR)/兔兔专用闹钟.app/兔兔专用闹钟";
			};
			name = Debug;
		};
		A4A5F89D1BD0BE9400E07396 /* Release */ = {
			isa = XCBuildConfiguration;
			buildSettings = {
				BUNDLE_LOADER = "$(TEST_HOST)";
				INFOPLIST_FILE = ClockTests/Info.plist;
				LD_RUNPATH_SEARCH_PATHS = "$(inherited) @executable_path/Frameworks @loader_path/Frameworks";
				PRODUCT_BUNDLE_IDENTIFIER = net.papayachina.ClockTests;
				PRODUCT_NAME = "兔兔专用闹钟";
				TEST_HOST = "$(BUILT_PRODUCTS_DIR)/兔兔专用闹钟.app/兔兔专用闹钟";
			};
			name = Release;
		};
		A4A5F89F1BD0BE9400E07396 /* Debug */ = {
			isa = XCBuildConfiguration;
			buildSettings = {
				INFOPLIST_FILE = ClockUITests/Info.plist;
				LD_RUNPATH_SEARCH_PATHS = "$(inherited) @executable_path/Frameworks @loader_path/Frameworks";
				PRODUCT_BUNDLE_IDENTIFIER = net.papayachina.ClockUITests;
				PRODUCT_NAME = "兔兔专用闹钟";
				TEST_TARGET_NAME = Clock;
				USES_XCTRUNNER = YES;
			};
			name = Debug;
		};
		A4A5F8A01BD0BE9400E07396 /* Release */ = {
			isa = XCBuildConfiguration;
			buildSettings = {
				INFOPLIST_FILE = ClockUITests/Info.plist;
				LD_RUNPATH_SEARCH_PATHS = "$(inherited) @executable_path/Frameworks @loader_path/Frameworks";
				PRODUCT_BUNDLE_IDENTIFIER = net.papayachina.ClockUITests;
				PRODUCT_NAME = "兔兔专用闹钟";
				TEST_TARGET_NAME = Clock;
				USES_XCTRUNNER = YES;
			};
			name = Release;
		};
/* End XCBuildConfiguration section */

/* Begin XCConfigurationList section */
		A4A5F86B1BD0BE9300E07396 /* Build configuration list for PBXProject "兔兔专用闹钟" */ = {
			isa = XCConfigurationList;
			buildConfigurations = (
				A4A5F8961BD0BE9400E07396 /* Debug */,
				A4A5F8971BD0BE9400E07396 /* Release */,
			);
			defaultConfigurationIsVisible = 0;
			defaultConfigurationName = Release;
		};
		A4A5F8981BD0BE9400E07396 /* Build configuration list for PBXNativeTarget "兔兔专用闹钟" */ = {
			isa = XCConfigurationList;
			buildConfigurations = (
				A4A5F8991BD0BE9400E07396 /* Debug */,
				A4A5F89A1BD0BE9400E07396 /* Release */,
			);
			defaultConfigurationIsVisible = 0;
			defaultConfigurationName = Release;
		};
		A4A5F89B1BD0BE9400E07396 /* Build configuration list for PBXNativeTarget "兔兔专用闹钟Tests" */ = {
			isa = XCConfigurationList;
			buildConfigurations = (
				A4A5F89C1BD0BE9400E07396 /* Debug */,
				A4A5F89D1BD0BE9400E07396 /* Release */,
			);
			defaultConfigurationIsVisible = 0;
			defaultConfigurationName = Release;
		};
		A4A5F89E1BD0BE9400E07396 /* Build configuration list for PBXNativeTarget "兔兔专用闹钟UITests" */ = {
			isa = XCConfigurationList;
			buildConfigurations = (
				A4A5F89F1BD0BE9400E07396 /* Debug */,
				A4A5F8A01BD0BE9400E07396 /* Release */,
			);
			defaultConfigurationIsVisible = 0;
			defaultConfigurationName = Release;
		};
/* End XCConfigurationList section */
	};
	rootObject = A4A5F8681BD0BE9300E07396 /* Project object */;
}
