// !$*UTF8*$!
{
	archiveVersion = 1;
	classes = {
	};
	objectVersion = 47;
	objects = {

/* Begin PBXBuildFile section */
		A49173771A64B9A600EC7A1C /* AppDelegate.swift in Sources */ = {isa = PBXBuildFile; fileRef = A49173761A64B9A600EC7A1C /* AppDelegate.swift */; };
		A491737A1A64B9A600EC7A1C /* xunzhaodoubiyu.xcdatamodeld in Sources */ = {isa = PBXBuildFile; fileRef = A49173781A64B9A600EC7A1C /* xunzhaodoubiyu.xcdatamodeld */; };
		A491737C1A64B9A600EC7A1C /* ViewController.swift in Sources */ = {isa = PBXBuildFile; fileRef = A491737B1A64B9A600EC7A1C /* ViewController.swift */; };
		A491737F1A64B9A600EC7A1C /* Main.storyboard in Resources */ = {isa = PBXBuildFile; fileRef = A491737D1A64B9A600EC7A1C /* Main.storyboard */; };
		A49173811A64B9A600EC7A1C /* Images.xcassets in Resources */ = {isa = PBXBuildFile; fileRef = A49173801A64B9A600EC7A1C /* Images.xcassets */; };
		A49173841A64B9A600EC7A1C /* LaunchScreen.xib in Resources */ = {isa = PBXBuildFile; fileRef = A49173821A64B9A600EC7A1C /* LaunchScreen.xib */; };
		A49173901A64B9A600EC7A1C /* xunzhaodoubiyuTests.swift in Sources */ = {isa = PBXBuildFile; fileRef = A491738F1A64B9A600EC7A1C /* xunzhaodoubiyuTests.swift */; };
		A4AA3F3E1A64C2CC00BB1032 /* f1.png in Resources */ = {isa = PBXBuildFile; fileRef = A4AA3F381A64C2CC00BB1032 /* f1.png */; };
		A4AA3F3F1A64C2CC00BB1032 /* f2.png in Resources */ = {isa = PBXBuildFile; fileRef = A4AA3F391A64C2CC00BB1032 /* f2.png */; };
		A4AA3F401A64C2CC00BB1032 /* f3.png in Resources */ = {isa = PBXBuildFile; fileRef = A4AA3F3A1A64C2CC00BB1032 /* f3.png */; };
		A4AA3F411A64C2CC00BB1032 /* f4.png in Resources */ = {isa = PBXBuildFile; fileRef = A4AA3F3B1A64C2CC00BB1032 /* f4.png */; };
		A4AA3F421A64C2CC00BB1032 /* f5.png in Resources */ = {isa = PBXBuildFile; fileRef = A4AA3F3C1A64C2CC00BB1032 /* f5.png */; };
		A4AA3F431A64C2CC00BB1032 /* sea.jpg in Resources */ = {isa = PBXBuildFile; fileRef = A4AA3F3D1A64C2CC00BB1032 /* sea.jpg */; };
		A4AA3F4A1A64C96C00BB1032 /* d1.png in Resources */ = {isa = PBXBuildFile; fileRef = A4AA3F441A64C96C00BB1032 /* d1.png */; };
		A4AA3F4B1A64C96C00BB1032 /* d2.png in Resources */ = {isa = PBXBuildFile; fileRef = A4AA3F451A64C96C00BB1032 /* d2.png */; };
		A4AA3F4C1A64C96C00BB1032 /* d3.png in Resources */ = {isa = PBXBuildFile; fileRef = A4AA3F461A64C96C00BB1032 /* d3.png */; };
		A4AA3F4D1A64C96C00BB1032 /* d4.png in Resources */ = {isa = PBXBuildFile; fileRef = A4AA3F471A64C96C00BB1032 /* d4.png */; };
		A4AA3F4E1A64C96C00BB1032 /* d5.png in Resources */ = {isa = PBXBuildFile; fileRef = A4AA3F481A64C96C00BB1032 /* d5.png */; };
		A4AA3F4F1A64C96C00BB1032 /* d6.png in Resources */ = {isa = PBXBuildFile; fileRef = A4AA3F491A64C96C00BB1032 /* d6.png */; };
/* End PBXBuildFile section */

/* Begin PBXContainerItemProxy section */
		A491738A1A64B9A600EC7A1C /* PBXContainerItemProxy */ = {
			isa = PBXContainerItemProxy;
			containerPortal = A49173691A64B9A600EC7A1C /* Project object */;
			proxyType = 1;
			remoteGlobalIDString = A49173701A64B9A600EC7A1C;
			remoteInfo = xunzhaodoubiyu;
		};
/* End PBXContainerItemProxy section */

/* Begin PBXFileReference section */
		A49173711A64B9A600EC7A1C /* xunzhaodoubiyu.app */ = {isa = PBXFileReference; explicitFileType = wrapper.application; includeInIndex = 0; path = xunzhaodoubiyu.app; sourceTree = BUILT_PRODUCTS_DIR; };
		A49173751A64B9A600EC7A1C /* Info.plist */ = {isa = PBXFileReference; lastKnownFileType = text.plist.xml; path = Info.plist; sourceTree = "<group>"; };
		A49173761A64B9A600EC7A1C /* AppDelegate.swift */ = {isa = PBXFileReference; lastKnownFileType = sourcecode.swift; path = AppDelegate.swift; sourceTree = "<group>"; };
		A49173791A64B9A600EC7A1C /* xunzhaodoubiyu.xcdatamodel */ = {isa = PBXFileReference; lastKnownFileType = wrapper.xcdatamodel; path = xunzhaodoubiyu.xcdatamodel; sourceTree = "<group>"; };
		A491737B1A64B9A600EC7A1C /* ViewController.swift */ = {isa = PBXFileReference; lastKnownFileType = sourcecode.swift; path = ViewController.swift; sourceTree = "<group>"; };
		A491737E1A64B9A600EC7A1C /* Base */ = {isa = PBXFileReference; lastKnownFileType = file.storyboard; name = Base; path = Base.lproj/Main.storyboard; sourceTree = "<group>"; };
		A49173801A64B9A600EC7A1C /* Images.xcassets */ = {isa = PBXFileReference; lastKnownFileType = folder.assetcatalog; path = Images.xcassets; sourceTree = "<group>"; };
		A49173831A64B9A600EC7A1C /* Base */ = {isa = PBXFileReference; lastKnownFileType = file.xib; name = Base; path = Base.lproj/LaunchScreen.xib; sourceTree = "<group>"; };
		A49173891A64B9A600EC7A1C /* xunzhaodoubiyuTests.xctest */ = {isa = PBXFileReference; explicitFileType = wrapper.cfbundle; includeInIndex = 0; path = xunzhaodoubiyuTests.xctest; sourceTree = BUILT_PRODUCTS_DIR; };
		A491738E1A64B9A600EC7A1C /* Info.plist */ = {isa = PBXFileReference; lastKnownFileType = text.plist.xml; path = Info.plist; sourceTree = "<group>"; };
		A491738F1A64B9A600EC7A1C /* xunzhaodoubiyuTests.swift */ = {isa = PBXFileReference; lastKnownFileType = sourcecode.swift; path = xunzhaodoubiyuTests.swift; sourceTree = "<group>"; };
		A4AA3F381A64C2CC00BB1032 /* f1.png */ = {isa = PBXFileReference; lastKnownFileType = image.png; path = f1.png; sourceTree = "<group>"; };
		A4AA3F391A64C2CC00BB1032 /* f2.png */ = {isa = PBXFileReference; lastKnownFileType = image.png; path = f2.png; sourceTree = "<group>"; };
		A4AA3F3A1A64C2CC00BB1032 /* f3.png */ = {isa = PBXFileReference; lastKnownFileType = image.png; path = f3.png; sourceTree = "<group>"; };
		A4AA3F3B1A64C2CC00BB1032 /* f4.png */ = {isa = PBXFileReference; lastKnownFileType = image.png; path = f4.png; sourceTree = "<group>"; };
		A4AA3F3C1A64C2CC00BB1032 /* f5.png */ = {isa = PBXFileReference; lastKnownFileType = image.png; path = f5.png; sourceTree = "<group>"; };
		A4AA3F3D1A64C2CC00BB1032 /* sea.jpg */ = {isa = PBXFileReference; lastKnownFileType = image.jpeg; path = sea.jpg; sourceTree = "<group>"; };
		A4AA3F441A64C96C00BB1032 /* d1.png */ = {isa = PBXFileReference; lastKnownFileType = image.png; path = d1.png; sourceTree = "<group>"; };
		A4AA3F451A64C96C00BB1032 /* d2.png */ = {isa = PBXFileReference; lastKnownFileType = image.png; path = d2.png; sourceTree = "<group>"; };
		A4AA3F461A64C96C00BB1032 /* d3.png */ = {isa = PBXFileReference; lastKnownFileType = image.png; path = d3.png; sourceTree = "<group>"; };
		A4AA3F471A64C96C00BB1032 /* d4.png */ = {isa = PBXFileReference; lastKnownFileType = image.png; path = d4.png; sourceTree = "<group>"; };
		A4AA3F481A64C96C00BB1032 /* d5.png */ = {isa = PBXFileReference; lastKnownFileType = image.png; path = d5.png; sourceTree = "<group>"; };
		A4AA3F491A64C96C00BB1032 /* d6.png */ = {isa = PBXFileReference; lastKnownFileType = image.png; path = d6.png; sourceTree = "<group>"; };
/* End PBXFileReference section */

/* Begin PBXFrameworksBuildPhase section */
		A491736E1A64B9A600EC7A1C /* Frameworks */ = {
			isa = PBXFrameworksBuildPhase;
			buildActionMask = 2147483647;
			files = (
			);
			runOnlyForDeploymentPostprocessing = 0;
		};
		A49173861A64B9A600EC7A1C /* Frameworks */ = {
			isa = PBXFrameworksBuildPhase;
			buildActionMask = 2147483647;
			files = (
			);
			runOnlyForDeploymentPostprocessing = 0;
		};
/* End PBXFrameworksBuildPhase section */

/* Begin PBXGroup section */
		A49173681A64B9A600EC7A1C = {
			isa = PBXGroup;
			children = (
				A49173731A64B9A600EC7A1C /* xunzhaodoubiyu */,
				A491738C1A64B9A600EC7A1C /* xunzhaodoubiyuTests */,
				A49173721A64B9A600EC7A1C /* Products */,
			);
			sourceTree = "<group>";
		};
		A49173721A64B9A600EC7A1C /* Products */ = {
			isa = PBXGroup;
			children = (
				A49173711A64B9A600EC7A1C /* xunzhaodoubiyu.app */,
				A49173891A64B9A600EC7A1C /* xunzhaodoubiyuTests.xctest */,
			);
			name = Products;
			sourceTree = "<group>";
		};
		A49173731A64B9A600EC7A1C /* xunzhaodoubiyu */ = {
			isa = PBXGroup;
			children = (
				A4AA3F441A64C96C00BB1032 /* d1.png */,
				A4AA3F451A64C96C00BB1032 /* d2.png */,
				A4AA3F461A64C96C00BB1032 /* d3.png */,
				A4AA3F471A64C96C00BB1032 /* d4.png */,
				A4AA3F481A64C96C00BB1032 /* d5.png */,
				A4AA3F491A64C96C00BB1032 /* d6.png */,
				A4AA3F381A64C2CC00BB1032 /* f1.png */,
				A4AA3F391A64C2CC00BB1032 /* f2.png */,
				A4AA3F3A1A64C2CC00BB1032 /* f3.png */,
				A4AA3F3B1A64C2CC00BB1032 /* f4.png */,
				A4AA3F3C1A64C2CC00BB1032 /* f5.png */,
				A4AA3F3D1A64C2CC00BB1032 /* sea.jpg */,
				A49173761A64B9A600EC7A1C /* AppDelegate.swift */,
				A491737B1A64B9A600EC7A1C /* ViewController.swift */,
				A491737D1A64B9A600EC7A1C /* Main.storyboard */,
				A49173801A64B9A600EC7A1C /* Images.xcassets */,
				A49173821A64B9A600EC7A1C /* LaunchScreen.xib */,
				A49173781A64B9A600EC7A1C /* xunzhaodoubiyu.xcdatamodeld */,
				A49173741A64B9A600EC7A1C /* Supporting Files */,
			);
			path = xunzhaodoubiyu;
			sourceTree = "<group>";
		};
		A49173741A64B9A600EC7A1C /* Supporting Files */ = {
			isa = PBXGroup;
			children = (
				A49173751A64B9A600EC7A1C /* Info.plist */,
			);
			name = "Supporting Files";
			sourceTree = "<group>";
		};
		A491738C1A64B9A600EC7A1C /* xunzhaodoubiyuTests */ = {
			isa = PBXGroup;
			children = (
				A491738F1A64B9A600EC7A1C /* xunzhaodoubiyuTests.swift */,
				A491738D1A64B9A600EC7A1C /* Supporting Files */,
			);
			path = xunzhaodoubiyuTests;
			sourceTree = "<group>";
		};
		A491738D1A64B9A600EC7A1C /* Supporting Files */ = {
			isa = PBXGroup;
			children = (
				A491738E1A64B9A600EC7A1C /* Info.plist */,
			);
			name = "Supporting Files";
			sourceTree = "<group>";
		};
/* End PBXGroup section */

/* Begin PBXNativeTarget section */
		A49173701A64B9A600EC7A1C /* xunzhaodoubiyu */ = {
			isa = PBXNativeTarget;
			buildConfigurationList = A49173931A64B9A600EC7A1C /* Build configuration list for PBXNativeTarget "xunzhaodoubiyu" */;
			buildPhases = (
				A491736D1A64B9A600EC7A1C /* Sources */,
				A491736E1A64B9A600EC7A1C /* Frameworks */,
				A491736F1A64B9A600EC7A1C /* Resources */,
			);
			buildRules = (
			);
			dependencies = (
			);
			name = xunzhaodoubiyu;
			productName = xunzhaodoubiyu;
			productReference = A49173711A64B9A600EC7A1C /* xunzhaodoubiyu.app */;
			productType = "com.apple.product-type.application";
		};
		A49173881A64B9A600EC7A1C /* xunzhaodoubiyuTests */ = {
			isa = PBXNativeTarget;
			buildConfigurationList = A49173961A64B9A600EC7A1C /* Build configuration list for PBXNativeTarget "xunzhaodoubiyuTests" */;
			buildPhases = (
				A49173851A64B9A600EC7A1C /* Sources */,
				A49173861A64B9A600EC7A1C /* Frameworks */,
				A49173871A64B9A600EC7A1C /* Resources */,
			);
			buildRules = (
			);
			dependencies = (
				A491738B1A64B9A600EC7A1C /* PBXTargetDependency */,
			);
			name = xunzhaodoubiyuTests;
			productName = xunzhaodoubiyuTests;
			productReference = A49173891A64B9A600EC7A1C /* xunzhaodoubiyuTests.xctest */;
			productType = "com.apple.product-type.bundle.unit-test";
		};
/* End PBXNativeTarget section */

/* Begin PBXProject section */
		A49173691A64B9A600EC7A1C /* Project object */ = {
			isa = PBXProject;
			attributes = {
				LastSwiftMigration = 0720;
				LastSwiftUpdateCheck = 0720;
				LastUpgradeCheck = 0720;
				ORGANIZATIONNAME = JieYao;
				TargetAttributes = {
					A49173701A64B9A600EC7A1C = {
						CreatedOnToolsVersion = 6.2;
						DevelopmentTeam = X59S4263JV;
					};
					A49173881A64B9A600EC7A1C = {
						CreatedOnToolsVersion = 6.2;
						DevelopmentTeam = X59S4263JV;
						TestTargetID = A49173701A64B9A600EC7A1C;
					};
				};
			};
			buildConfigurationList = A491736C1A64B9A600EC7A1C /* Build configuration list for PBXProject "xunzhaodoubiyu" */;
			compatibilityVersion = "Xcode 6.3";
			developmentRegion = English;
			hasScannedForEncodings = 0;
			knownRegions = (
				en,
				Base,
			);
			mainGroup = A49173681A64B9A600EC7A1C;
			productRefGroup = A49173721A64B9A600EC7A1C /* Products */;
			projectDirPath = "";
			projectRoot = "";
			targets = (
				A49173701A64B9A600EC7A1C /* xunzhaodoubiyu */,
				A49173881A64B9A600EC7A1C /* xunzhaodoubiyuTests */,
			);
		};
/* End PBXProject section */

/* Begin PBXResourcesBuildPhase section */
		A491736F1A64B9A600EC7A1C /* Resources */ = {
			isa = PBXResourcesBuildPhase;
			buildActionMask = 2147483647;
			files = (
				A4AA3F4D1A64C96C00BB1032 /* d4.png in Resources */,
				A4AA3F4A1A64C96C00BB1032 /* d1.png in Resources */,
				A4AA3F4B1A64C96C00BB1032 /* d2.png in Resources */,
				A4AA3F431A64C2CC00BB1032 /* sea.jpg in Resources */,
				A4AA3F3F1A64C2CC00BB1032 /* f2.png in Resources */,
				A4AA3F4F1A64C96C00BB1032 /* d6.png in Resources */,
				A4AA3F3E1A64C2CC00BB1032 /* f1.png in Resources */,
				A491737F1A64B9A600EC7A1C /* Main.storyboard in Resources */,
				A49173841A64B9A600EC7A1C /* LaunchScreen.xib in Resources */,
				A4AA3F421A64C2CC00BB1032 /* f5.png in Resources */,
				A4AA3F4C1A64C96C00BB1032 /* d3.png in Resources */,
				A4AA3F401A64C2CC00BB1032 /* f3.png in Resources */,
				A49173811A64B9A600EC7A1C /* Images.xcassets in Resources */,
				A4AA3F4E1A64C96C00BB1032 /* d5.png in Resources */,
				A4AA3F411A64C2CC00BB1032 /* f4.png in Resources */,
			);
			runOnlyForDeploymentPostprocessing = 0;
		};
		A49173871A64B9A600EC7A1C /* Resources */ = {
			isa = PBXResourcesBuildPhase;
			buildActionMask = 2147483647;
			files = (
			);
			runOnlyForDeploymentPostprocessing = 0;
		};
/* End PBXResourcesBuildPhase section */

/* Begin PBXSourcesBuildPhase section */
		A491736D1A64B9A600EC7A1C /* Sources */ = {
			isa = PBXSourcesBuildPhase;
			buildActionMask = 2147483647;
			files = (
				A491737C1A64B9A600EC7A1C /* ViewController.swift in Sources */,
				A49173771A64B9A600EC7A1C /* AppDelegate.swift in Sources */,
				A491737A1A64B9A600EC7A1C /* xunzhaodoubiyu.xcdatamodeld in Sources */,
			);
			runOnlyForDeploymentPostprocessing = 0;
		};
		A49173851A64B9A600EC7A1C /* Sources */ = {
			isa = PBXSourcesBuildPhase;
			buildActionMask = 2147483647;
			files = (
				A49173901A64B9A600EC7A1C /* xunzhaodoubiyuTests.swift in Sources */,
			);
			runOnlyForDeploymentPostprocessing = 0;
		};
/* End PBXSourcesBuildPhase section */

/* Begin PBXTargetDependency section */
		A491738B1A64B9A600EC7A1C /* PBXTargetDependency */ = {
			isa = PBXTargetDependency;
			target = A49173701A64B9A600EC7A1C /* xunzhaodoubiyu */;
			targetProxy = A491738A1A64B9A600EC7A1C /* PBXContainerItemProxy */;
		};
/* End PBXTargetDependency section */

/* Begin PBXVariantGroup section */
		A491737D1A64B9A600EC7A1C /* Main.storyboard */ = {
			isa = PBXVariantGroup;
			children = (
				A491737E1A64B9A600EC7A1C /* Base */,
			);
			name = Main.storyboard;
			sourceTree = "<group>";
		};
		A49173821A64B9A600EC7A1C /* LaunchScreen.xib */ = {
			isa = PBXVariantGroup;
			children = (
				A49173831A64B9A600EC7A1C /* Base */,
			);
			name = LaunchScreen.xib;
			sourceTree = "<group>";
		};
/* End PBXVariantGroup section */

/* Begin XCBuildConfiguration section */
		A49173911A64B9A600EC7A1C /* Debug */ = {
			isa = XCBuildConfiguration;
			buildSettings = {
				ALWAYS_SEARCH_USER_PATHS = NO;
				CLANG_CXX_LANGUAGE_STANDARD = "gnu++0x";
				CLANG_CXX_LIBRARY = "libc++";
				CLANG_ENABLE_MODULES = YES;
				CLANG_ENABLE_OBJC_ARC = YES;
				CLANG_WARN_BOOL_CONVERSION = YES;
				CLANG_WARN_CONSTANT_CONVERSION = YES;
				CLANG_WARN_DIRECT_OBJC_ISA_USAGE = YES_ERROR;
				CLANG_WARN_EMPTY_BODY = YES;
				CLANG_WARN_ENUM_CONVERSION = YES;
				CLANG_WARN_INT_CONVERSION = YES;
				CLANG_WARN_OBJC_ROOT_CLASS = YES_ERROR;
				CLANG_WARN_UNREACHABLE_CODE = YES;
				CLANG_WARN__DUPLICATE_METHOD_MATCH = YES;
				CODE_SIGN_IDENTITY = "iPhone Distribution: Jie Yao (X59S4263JV)";
				"CODE_SIGN_IDENTITY[sdk=iphoneos*]" = "iPhone Distribution: Jie Yao (X59S4263JV)";
				COPY_PHASE_STRIP = NO;
				ENABLE_STRICT_OBJC_MSGSEND = YES;
				ENABLE_TESTABILITY = YES;
				GCC_C_LANGUAGE_STANDARD = gnu99;
				GCC_DYNAMIC_NO_PIC = NO;
				GCC_OPTIMIZATION_LEVEL = 0;
				GCC_PREPROCESSOR_DEFINITIONS = (
					"DEBUG=1",
					"$(inherited)",
				);
				GCC_SYMBOLS_PRIVATE_EXTERN = NO;
				GCC_WARN_64_TO_32_BIT_CONVERSION = YES;
				GCC_WARN_ABOUT_RETURN_TYPE = YES_ERROR;
				GCC_WARN_UNDECLARED_SELECTOR = YES;
				GCC_WARN_UNINITIALIZED_AUTOS = YES_AGGRESSIVE;
				GCC_WARN_UNUSED_FUNCTION = YES;
				GCC_WARN_UNUSED_VARIABLE = YES;
				IPHONEOS_DEPLOYMENT_TARGET = 8.0;
				MTL_ENABLE_DEBUG_INFO = YES;
				ONLY_ACTIVE_ARCH = YES;
				PROVISIONING_PROFILE = "423d7b65-3af6-4318-a057-9c92c778f4aa";
				SDKROOT = iphoneos;
				SWIFT_OPTIMIZATION_LEVEL = "-Onone";
			};
			name = Debug;
		};
		A49173921A64B9A600EC7A1C /* Release */ = {
			isa = XCBuildConfiguration;
			buildSettings = {
				ALWAYS_SEARCH_USER_PATHS = NO;
				CLANG_CXX_LANGUAGE_STANDARD = "gnu++0x";
				CLANG_CXX_LIBRARY = "libc++";
				CLANG_ENABLE_MODULES = YES;
				CLANG_ENABLE_OBJC_ARC = YES;
				CLANG_WARN_BOOL_CONVERSION = YES;
				CLANG_WARN_CONSTANT_CONVERSION = YES;
				CLANG_WARN_DIRECT_OBJC_ISA_USAGE = YES_ERROR;
				CLANG_WARN_EMPTY_BODY = YES;
				CLANG_WARN_ENUM_CONVERSION = YES;
				CLANG_WARN_INT_CONVERSION = YES;
				CLANG_WARN_OBJC_ROOT_CLASS = YES_ERROR;
				CLANG_WARN_UNREACHABLE_CODE = YES;
				CLANG_WARN__DUPLICATE_METHOD_MATCH = YES;
				CODE_SIGN_IDENTITY = "iPhone Distribution: Jie Yao (X59S4263JV)";
				"CODE_SIGN_IDENTITY[sdk=iphoneos*]" = "iPhone Distribution: Jie Yao (X59S4263JV)";
				COPY_PHASE_STRIP = YES;
				ENABLE_NS_ASSERTIONS = NO;
				ENABLE_STRICT_OBJC_MSGSEND = YES;
				GCC_C_LANGUAGE_STANDARD = gnu99;
				GCC_WARN_64_TO_32_BIT_CONVERSION = YES;
				GCC_WARN_ABOUT_RETURN_TYPE = YES_ERROR;
				GCC_WARN_UNDECLARED_SELECTOR = YES;
				GCC_WARN_UNINITIALIZED_AUTOS = YES_AGGRESSIVE;
				GCC_WARN_UNUSED_FUNCTION = YES;
				GCC_WARN_UNUSED_VARIABLE = YES;
				IPHONEOS_DEPLOYMENT_TARGET = 8.0;
				MTL_ENABLE_DEBUG_INFO = NO;
				PROVISIONING_PROFILE = "423d7b65-3af6-4318-a057-9c92c778f4aa";
				SDKROOT = iphoneos;
				VALIDATE_PRODUCT = YES;
			};
			name = Release;
		};
		A49173941A64B9A600EC7A1C /* Debug */ = {
			isa = XCBuildConfiguration;
			buildSettings = {
				ASSETCATALOG_COMPILER_APPICON_NAME = AppIcon;
				CODE_SIGN_IDENTITY = "iPhone Developer";
				"CODE_SIGN_IDENTITY[sdk=iphoneos*]" = "iPhone Developer";
				INFOPLIST_FILE = xunzhaodoubiyu/Info.plist;
				IPHONEOS_DEPLOYMENT_TARGET = 8.0;
				LD_RUNPATH_SEARCH_PATHS = "$(inherited) @executable_path/Frameworks";
				PRODUCT_BUNDLE_IDENTIFIER = "net.papayachina.$(PRODUCT_NAME:rfc1034identifier)";
				PRODUCT_NAME = "$(TARGET_NAME)";
				PROVISIONING_PROFILE = "";
			};
			name = Debug;
		};
		A49173951A64B9A600EC7A1C /* Release */ = {
			isa = XCBuildConfiguration;
			buildSettings = {
				ASSETCATALOG_COMPILER_APPICON_NAME = AppIcon;
				CODE_SIGN_IDENTITY = "iPhone Developer";
				"CODE_SIGN_IDENTITY[sdk=iphoneos*]" = "iPhone Distribution: Jie Yao (X59S4263JV)";
				INFOPLIST_FILE = xunzhaodoubiyu/Info.plist;
				IPHONEOS_DEPLOYMENT_TARGET = 8.0;
				LD_RUNPATH_SEARCH_PATHS = "$(inherited) @executable_path/Frameworks";
				PRODUCT_BUNDLE_IDENTIFIER = "net.papayachina.$(PRODUCT_NAME:rfc1034identifier)";
				PRODUCT_NAME = "$(TARGET_NAME)";
				PROVISIONING_PROFILE = "";
				SDKROOT = iphoneos9.2;
			};
			name = Release;
		};
		A49173971A64B9A600EC7A1C /* Debug */ = {
			isa = XCBuildConfiguration;
			buildSettings = {
				BUNDLE_LOADER = "$(TEST_HOST)";
				CODE_SIGN_IDENTITY = "iPhone Developer";
				"CODE_SIGN_IDENTITY[sdk=iphoneos*]" = "iPhone Developer";
				FRAMEWORK_SEARCH_PATHS = (
					"$(SDKROOT)/Developer/Library/Frameworks",
					"$(inherited)",
				);
				GCC_PREPROCESSOR_DEFINITIONS = (
					"DEBUG=1",
					"$(inherited)",
				);
				INFOPLIST_FILE = xunzhaodoubiyuTests/Info.plist;
				LD_RUNPATH_SEARCH_PATHS = "$(inherited) @executable_path/Frameworks @loader_path/Frameworks";
				PRODUCT_BUNDLE_IDENTIFIER = "net.papayachina.$(PRODUCT_NAME:rfc1034identifier)";
				PRODUCT_NAME = "$(TARGET_NAME)";
				PROVISIONING_PROFILE = "";
				TEST_HOST = "$(BUILT_PRODUCTS_DIR)/xunzhaodoubiyu.app/xunzhaodoubiyu";
			};
			name = Debug;
		};
		A49173981A64B9A600EC7A1C /* Release */ = {
			isa = XCBuildConfiguration;
			buildSettings = {
				BUNDLE_LOADER = "$(TEST_HOST)";
				CODE_SIGN_IDENTITY = "iPhone Developer";
				"CODE_SIGN_IDENTITY[sdk=iphoneos*]" = "iPhone Developer";
				FRAMEWORK_SEARCH_PATHS = (
					"$(SDKROOT)/Developer/Library/Frameworks",
					"$(inherited)",
				);
				INFOPLIST_FILE = xunzhaodoubiyuTests/Info.plist;
				LD_RUNPATH_SEARCH_PATHS = "$(inherited) @executable_path/Frameworks @loader_path/Frameworks";
				PRODUCT_BUNDLE_IDENTIFIER = "net.papayachina.$(PRODUCT_NAME:rfc1034identifier)";
				PRODUCT_NAME = "$(TARGET_NAME)";
				PROVISIONING_PROFILE = "";
				TEST_HOST = "$(BUILT_PRODUCTS_DIR)/xunzhaodoubiyu.app/xunzhaodoubiyu";
			};
			name = Release;
		};
/* End XCBuildConfiguration section */

/* Begin XCConfigurationList section */
		A491736C1A64B9A600EC7A1C /* Build configuration list for PBXProject "xunzhaodoubiyu" */ = {
			isa = XCConfigurationList;
			buildConfigurations = (
				A49173911A64B9A600EC7A1C /* Debug */,
				A49173921A64B9A600EC7A1C /* Release */,
			);
			defaultConfigurationIsVisible = 0;
			defaultConfigurationName = Release;
		};
		A49173931A64B9A600EC7A1C /* Build configuration list for PBXNativeTarget "xunzhaodoubiyu" */ = {
			isa = XCConfigurationList;
			buildConfigurations = (
				A49173941A64B9A600EC7A1C /* Debug */,
				A49173951A64B9A600EC7A1C /* Release */,
			);
			defaultConfigurationIsVisible = 0;
			defaultConfigurationName = Release;
		};
		A49173961A64B9A600EC7A1C /* Build configuration list for PBXNativeTarget "xunzhaodoubiyuTests" */ = {
			isa = XCConfigurationList;
			buildConfigurations = (
				A49173971A64B9A600EC7A1C /* Debug */,
				A49173981A64B9A600EC7A1C /* Release */,
			);
			defaultConfigurationIsVisible = 0;
			defaultConfigurationName = Release;
		};
/* End XCConfigurationList section */

/* Begin XCVersionGroup section */
		A49173781A64B9A600EC7A1C /* xunzhaodoubiyu.xcdatamodeld */ = {
			isa = XCVersionGroup;
			children = (
				A49173791A64B9A600EC7A1C /* xunzhaodoubiyu.xcdatamodel */,
			);
			currentVersion = A49173791A64B9A600EC7A1C /* xunzhaodoubiyu.xcdatamodel */;
			path = xunzhaodoubiyu.xcdatamodeld;
			sourceTree = "<group>";
			versionGroupType = wrapper.xcdatamodel;
		};
/* End XCVersionGroup section */
	};
	rootObject = A49173691A64B9A600EC7A1C /* Project object */;
}
