// !$*UTF8*$!
{
	archiveVersion = 1;
	classes = {
	};
	objectVersion = 46;
	objects = {

/* Begin PBXBuildFile section */
		A418071A1C52209C00AD4BD0 /* BookViewController.swift in Sources */ = {isa = PBXBuildFile; fileRef = A41807191C52209C00AD4BD0 /* BookViewController.swift */; };
		A44AEDC81C55B7B5003969F5 /* BookDetailViewController.swift in Sources */ = {isa = PBXBuildFile; fileRef = A44AEDC71C55B7B5003969F5 /* BookDetailViewController.swift */; };
		A45B7D531C5202F000C6EDB8 /* AppDelegate.swift in Sources */ = {isa = PBXBuildFile; fileRef = A45B7D521C5202F000C6EDB8 /* AppDelegate.swift */; };
		A45B7D551C5202F000C6EDB8 /* ViewController.swift in Sources */ = {isa = PBXBuildFile; fileRef = A45B7D541C5202F000C6EDB8 /* ViewController.swift */; };
		A45B7D581C5202F000C6EDB8 /* Main.storyboard in Resources */ = {isa = PBXBuildFile; fileRef = A45B7D561C5202F000C6EDB8 /* Main.storyboard */; };
		A45B7D5A1C5202F000C6EDB8 /* Assets.xcassets in Resources */ = {isa = PBXBuildFile; fileRef = A45B7D591C5202F000C6EDB8 /* Assets.xcassets */; };
		A45B7D5D1C5202F000C6EDB8 /* LaunchScreen.storyboard in Resources */ = {isa = PBXBuildFile; fileRef = A45B7D5B1C5202F000C6EDB8 /* LaunchScreen.storyboard */; };
		A45B7D651C52159800C6EDB8 /* TabBarViewController.swift in Sources */ = {isa = PBXBuildFile; fileRef = A45B7D641C52159800C6EDB8 /* TabBarViewController.swift */; };
		A45B7D681C5216D500C6EDB8 /* Config.swift in Sources */ = {isa = PBXBuildFile; fileRef = A45B7D671C5216D500C6EDB8 /* Config.swift */; };
		A46430271C5702FC0041D8E8 /* RKNotificationHub.m in Sources */ = {isa = PBXBuildFile; fileRef = A46430261C5702FC0041D8E8 /* RKNotificationHub.m */; };
		A46430291C570DD00041D8E8 /* UserBookViewController.swift in Sources */ = {isa = PBXBuildFile; fileRef = A46430281C570DD00041D8E8 /* UserBookViewController.swift */; };
		A464302B1C570F7D0041D8E8 /* AvatarListView.swift in Sources */ = {isa = PBXBuildFile; fileRef = A464302A1C570F7D0041D8E8 /* AvatarListView.swift */; };
/* End PBXBuildFile section */

/* Begin PBXFileReference section */
		A41807191C52209C00AD4BD0 /* BookViewController.swift */ = {isa = PBXFileReference; fileEncoding = 4; lastKnownFileType = sourcecode.swift; path = BookViewController.swift; sourceTree = "<group>"; };
		A44AEDC71C55B7B5003969F5 /* BookDetailViewController.swift */ = {isa = PBXFileReference; fileEncoding = 4; lastKnownFileType = sourcecode.swift; path = BookDetailViewController.swift; sourceTree = "<group>"; };
		A45B7D4F1C5202F000C6EDB8 /* Judee.app */ = {isa = PBXFileReference; explicitFileType = wrapper.application; includeInIndex = 0; path = Judee.app; sourceTree = BUILT_PRODUCTS_DIR; };
		A45B7D521C5202F000C6EDB8 /* AppDelegate.swift */ = {isa = PBXFileReference; lastKnownFileType = sourcecode.swift; path = AppDelegate.swift; sourceTree = "<group>"; };
		A45B7D541C5202F000C6EDB8 /* ViewController.swift */ = {isa = PBXFileReference; lastKnownFileType = sourcecode.swift; path = ViewController.swift; sourceTree = "<group>"; };
		A45B7D571C5202F000C6EDB8 /* Base */ = {isa = PBXFileReference; lastKnownFileType = file.storyboard; name = Base; path = Base.lproj/Main.storyboard; sourceTree = "<group>"; };
		A45B7D591C5202F000C6EDB8 /* Assets.xcassets */ = {isa = PBXFileReference; lastKnownFileType = folder.assetcatalog; path = Assets.xcassets; sourceTree = "<group>"; };
		A45B7D5C1C5202F000C6EDB8 /* Base */ = {isa = PBXFileReference; lastKnownFileType = file.storyboard; name = Base; path = Base.lproj/LaunchScreen.storyboard; sourceTree = "<group>"; };
		A45B7D5E1C5202F000C6EDB8 /* Info.plist */ = {isa = PBXFileReference; lastKnownFileType = text.plist.xml; path = Info.plist; sourceTree = "<group>"; };
		A45B7D641C52159800C6EDB8 /* TabBarViewController.swift */ = {isa = PBXFileReference; fileEncoding = 4; lastKnownFileType = sourcecode.swift; path = TabBarViewController.swift; sourceTree = "<group>"; };
		A45B7D671C5216D500C6EDB8 /* Config.swift */ = {isa = PBXFileReference; fileEncoding = 4; lastKnownFileType = sourcecode.swift; path = Config.swift; sourceTree = "<group>"; };
		A46430241C5702FC0041D8E8 /* Judee-Bridging-Header.h */ = {isa = PBXFileReference; lastKnownFileType = sourcecode.c.h; path = "Judee-Bridging-Header.h"; sourceTree = "<group>"; };
		A46430251C5702FC0041D8E8 /* RKNotificationHub.h */ = {isa = PBXFileReference; fileEncoding = 4; lastKnownFileType = sourcecode.c.h; path = RKNotificationHub.h; sourceTree = "<group>"; };
		A46430261C5702FC0041D8E8 /* RKNotificationHub.m */ = {isa = PBXFileReference; fileEncoding = 4; lastKnownFileType = sourcecode.c.objc; path = RKNotificationHub.m; sourceTree = "<group>"; };
		A46430281C570DD00041D8E8 /* UserBookViewController.swift */ = {isa = PBXFileReference; fileEncoding = 4; lastKnownFileType = sourcecode.swift; path = UserBookViewController.swift; sourceTree = "<group>"; };
		A464302A1C570F7D0041D8E8 /* AvatarListView.swift */ = {isa = PBXFileReference; fileEncoding = 4; lastKnownFileType = sourcecode.swift; path = AvatarListView.swift; sourceTree = "<group>"; };
/* End PBXFileReference section */

/* Begin PBXFrameworksBuildPhase section */
		A45B7D4C1C5202F000C6EDB8 /* Frameworks */ = {
			isa = PBXFrameworksBuildPhase;
			buildActionMask = 2147483647;
			files = (
			);
			runOnlyForDeploymentPostprocessing = 0;
		};
/* End PBXFrameworksBuildPhase section */

/* Begin PBXGroup section */
		A45B7D461C5202F000C6EDB8 = {
			isa = PBXGroup;
			children = (
				A45B7D511C5202F000C6EDB8 /* Judee */,
				A45B7D501C5202F000C6EDB8 /* Products */,
			);
			sourceTree = "<group>";
		};
		A45B7D501C5202F000C6EDB8 /* Products */ = {
			isa = PBXGroup;
			children = (
				A45B7D4F1C5202F000C6EDB8 /* Judee.app */,
			);
			name = Products;
			sourceTree = "<group>";
		};
		A45B7D511C5202F000C6EDB8 /* Judee */ = {
			isa = PBXGroup;
			children = (
				A46430221C5702E00041D8E8 /* Library */,
				A45B7D671C5216D500C6EDB8 /* Config.swift */,
				A45B7D661C5216B900C6EDB8 /* teacher */,
				A45B7D521C5202F000C6EDB8 /* AppDelegate.swift */,
				A45B7D541C5202F000C6EDB8 /* ViewController.swift */,
				A45B7D561C5202F000C6EDB8 /* Main.storyboard */,
				A45B7D591C5202F000C6EDB8 /* Assets.xcassets */,
				A45B7D5B1C5202F000C6EDB8 /* LaunchScreen.storyboard */,
				A45B7D5E1C5202F000C6EDB8 /* Info.plist */,
			);
			path = Judee;
			sourceTree = "<group>";
		};
		A45B7D661C5216B900C6EDB8 /* teacher */ = {
			isa = PBXGroup;
			children = (
				A45B7D641C52159800C6EDB8 /* TabBarViewController.swift */,
				A41807191C52209C00AD4BD0 /* BookViewController.swift */,
				A44AEDC71C55B7B5003969F5 /* BookDetailViewController.swift */,
				A46430281C570DD00041D8E8 /* UserBookViewController.swift */,
				A464302A1C570F7D0041D8E8 /* AvatarListView.swift */,
			);
			name = teacher;
			sourceTree = "<group>";
		};
		A46430221C5702E00041D8E8 /* Library */ = {
			isa = PBXGroup;
			children = (
				A46430241C5702FC0041D8E8 /* Judee-Bridging-Header.h */,
				A46430231C5702F20041D8E8 /* RKNotificationHub */,
			);
			name = Library;
			sourceTree = "<group>";
		};
		A46430231C5702F20041D8E8 /* RKNotificationHub */ = {
			isa = PBXGroup;
			children = (
				A46430251C5702FC0041D8E8 /* RKNotificationHub.h */,
				A46430261C5702FC0041D8E8 /* RKNotificationHub.m */,
			);
			name = RKNotificationHub;
			sourceTree = "<group>";
		};
/* End PBXGroup section */

/* Begin PBXNativeTarget section */
		A45B7D4E1C5202F000C6EDB8 /* Judee */ = {
			isa = PBXNativeTarget;
			buildConfigurationList = A45B7D611C5202F000C6EDB8 /* Build configuration list for PBXNativeTarget "Judee" */;
			buildPhases = (
				A45B7D4B1C5202F000C6EDB8 /* Sources */,
				A45B7D4C1C5202F000C6EDB8 /* Frameworks */,
				A45B7D4D1C5202F000C6EDB8 /* Resources */,
			);
			buildRules = (
			);
			dependencies = (
			);
			name = Judee;
			productName = Judee;
			productReference = A45B7D4F1C5202F000C6EDB8 /* Judee.app */;
			productType = "com.apple.product-type.application";
		};
/* End PBXNativeTarget section */

/* Begin PBXProject section */
		A45B7D471C5202F000C6EDB8 /* Project object */ = {
			isa = PBXProject;
			attributes = {
				LastSwiftUpdateCheck = 0720;
				LastUpgradeCheck = 0720;
				ORGANIZATIONNAME = YaoJ;
				TargetAttributes = {
					A45B7D4E1C5202F000C6EDB8 = {
						CreatedOnToolsVersion = 7.2;
					};
				};
			};
			buildConfigurationList = A45B7D4A1C5202F000C6EDB8 /* Build configuration list for PBXProject "Judee" */;
			compatibilityVersion = "Xcode 3.2";
			developmentRegion = English;
			hasScannedForEncodings = 0;
			knownRegions = (
				en,
				Base,
			);
			mainGroup = A45B7D461C5202F000C6EDB8;
			productRefGroup = A45B7D501C5202F000C6EDB8 /* Products */;
			projectDirPath = "";
			projectRoot = "";
			targets = (
				A45B7D4E1C5202F000C6EDB8 /* Judee */,
			);
		};
/* End PBXProject section */

/* Begin PBXResourcesBuildPhase section */
		A45B7D4D1C5202F000C6EDB8 /* Resources */ = {
			isa = PBXResourcesBuildPhase;
			buildActionMask = 2147483647;
			files = (
				A45B7D5D1C5202F000C6EDB8 /* LaunchScreen.storyboard in Resources */,
				A45B7D5A1C5202F000C6EDB8 /* Assets.xcassets in Resources */,
				A45B7D581C5202F000C6EDB8 /* Main.storyboard in Resources */,
			);
			runOnlyForDeploymentPostprocessing = 0;
		};
/* End PBXResourcesBuildPhase section */

/* Begin PBXSourcesBuildPhase section */
		A45B7D4B1C5202F000C6EDB8 /* Sources */ = {
			isa = PBXSourcesBuildPhase;
			buildActionMask = 2147483647;
			files = (
				A46430291C570DD00041D8E8 /* UserBookViewController.swift in Sources */,
				A45B7D551C5202F000C6EDB8 /* ViewController.swift in Sources */,
				A45B7D681C5216D500C6EDB8 /* Config.swift in Sources */,
				A46430271C5702FC0041D8E8 /* RKNotificationHub.m in Sources */,
				A44AEDC81C55B7B5003969F5 /* BookDetailViewController.swift in Sources */,
				A418071A1C52209C00AD4BD0 /* BookViewController.swift in Sources */,
				A45B7D651C52159800C6EDB8 /* TabBarViewController.swift in Sources */,
				A464302B1C570F7D0041D8E8 /* AvatarListView.swift in Sources */,
				A45B7D531C5202F000C6EDB8 /* AppDelegate.swift in Sources */,
			);
			runOnlyForDeploymentPostprocessing = 0;
		};
/* End PBXSourcesBuildPhase section */

/* Begin PBXVariantGroup section */
		A45B7D561C5202F000C6EDB8 /* Main.storyboard */ = {
			isa = PBXVariantGroup;
			children = (
				A45B7D571C5202F000C6EDB8 /* Base */,
			);
			name = Main.storyboard;
			sourceTree = "<group>";
		};
		A45B7D5B1C5202F000C6EDB8 /* LaunchScreen.storyboard */ = {
			isa = PBXVariantGroup;
			children = (
				A45B7D5C1C5202F000C6EDB8 /* Base */,
			);
			name = LaunchScreen.storyboard;
			sourceTree = "<group>";
		};
/* End PBXVariantGroup section */

/* Begin XCBuildConfiguration section */
		A45B7D5F1C5202F000C6EDB8 /* Debug */ = {
			isa = XCBuildConfiguration;
			buildSettings = {
				ALWAYS_SEARCH_USER_PATHS = NO;
				CLANG_CXX_LANGUAGE_STANDARD = "gnu++0x";
				CLANG_CXX_LIBRARY = "libc++";
				CLANG_ENABLE_MODULES = YES;
				CLANG_ENABLE_OBJC_ARC = YES;
				CLANG_WARN_BOOL_CONVERSION = YES;
				CLANG_WARN_CONSTANT_CONVERSION = YES;
				CLANG_WARN_DIRECT_OBJC_ISA_USAGE = YES_ERROR;
				CLANG_WARN_EMPTY_BODY = YES;
				CLANG_WARN_ENUM_CONVERSION = YES;
				CLANG_WARN_INT_CONVERSION = YES;
				CLANG_WARN_OBJC_ROOT_CLASS = YES_ERROR;
				CLANG_WARN_UNREACHABLE_CODE = YES;
				CLANG_WARN__DUPLICATE_METHOD_MATCH = YES;
				"CODE_SIGN_IDENTITY[sdk=iphoneos*]" = "iPhone Developer";
				COPY_PHASE_STRIP = NO;
				DEBUG_INFORMATION_FORMAT = dwarf;
				ENABLE_STRICT_OBJC_MSGSEND = YES;
				ENABLE_TESTABILITY = YES;
				GCC_C_LANGUAGE_STANDARD = gnu99;
				GCC_DYNAMIC_NO_PIC = NO;
				GCC_NO_COMMON_BLOCKS = YES;
				GCC_OPTIMIZATION_LEVEL = 0;
				GCC_PREPROCESSOR_DEFINITIONS = (
					"DEBUG=1",
					"$(inherited)",
				);
				GCC_WARN_64_TO_32_BIT_CONVERSION = YES;
				GCC_WARN_ABOUT_RETURN_TYPE = YES_ERROR;
				GCC_WARN_UNDECLARED_SELECTOR = YES;
				GCC_WARN_UNINITIALIZED_AUTOS = YES_AGGRESSIVE;
				GCC_WARN_UNUSED_FUNCTION = YES;
				GCC_WARN_UNUSED_VARIABLE = YES;
				IPHONEOS_DEPLOYMENT_TARGET = 9.2;
				MTL_ENABLE_DEBUG_INFO = YES;
				ONLY_ACTIVE_ARCH = YES;
				SDKROOT = iphoneos;
				SWIFT_OPTIMIZATION_LEVEL = "-Onone";
				TARGETED_DEVICE_FAMILY = "1,2";
			};
			name = Debug;
		};
		A45B7D601C5202F000C6EDB8 /* Release */ = {
			isa = XCBuildConfiguration;
			buildSettings = {
				ALWAYS_SEARCH_USER_PATHS = NO;
				CLANG_CXX_LANGUAGE_STANDARD = "gnu++0x";
				CLANG_CXX_LIBRARY = "libc++";
				CLANG_ENABLE_MODULES = YES;
				CLANG_ENABLE_OBJC_ARC = YES;
				CLANG_WARN_BOOL_CONVERSION = YES;
				CLANG_WARN_CONSTANT_CONVERSION = YES;
				CLANG_WARN_DIRECT_OBJC_ISA_USAGE = YES_ERROR;
				CLANG_WARN_EMPTY_BODY = YES;
				CLANG_WARN_ENUM_CONVERSION = YES;
				CLANG_WARN_INT_CONVERSION = YES;
				CLANG_WARN_OBJC_ROOT_CLASS = YES_ERROR;
				CLANG_WARN_UNREACHABLE_CODE = YES;
				CLANG_WARN__DUPLICATE_METHOD_MATCH = YES;
				"CODE_SIGN_IDENTITY[sdk=iphoneos*]" = "iPhone Developer";
				COPY_PHASE_STRIP = NO;
				DEBUG_INFORMATION_FORMAT = "dwarf-with-dsym";
				ENABLE_NS_ASSERTIONS = NO;
				ENABLE_STRICT_OBJC_MSGSEND = YES;
				GCC_C_LANGUAGE_STANDARD = gnu99;
				GCC_NO_COMMON_BLOCKS = YES;
				GCC_WARN_64_TO_32_BIT_CONVERSION = YES;
				GCC_WARN_ABOUT_RETURN_TYPE = YES_ERROR;
				GCC_WARN_UNDECLARED_SELECTOR = YES;
				GCC_WARN_UNINITIALIZED_AUTOS = YES_AGGRESSIVE;
				GCC_WARN_UNUSED_FUNCTION = YES;
				GCC_WARN_UNUSED_VARIABLE = YES;
				IPHONEOS_DEPLOYMENT_TARGET = 9.2;
				MTL_ENABLE_DEBUG_INFO = NO;
				SDKROOT = iphoneos;
				TARGETED_DEVICE_FAMILY = "1,2";
				VALIDATE_PRODUCT = YES;
			};
			name = Release;
		};
		A45B7D621C5202F000C6EDB8 /* Debug */ = {
			isa = XCBuildConfiguration;
			buildSettings = {
				ASSETCATALOG_COMPILER_APPICON_NAME = AppIcon;
				CLANG_ENABLE_MODULES = YES;
				INFOPLIST_FILE = Judee/Info.plist;
				IPHONEOS_DEPLOYMENT_TARGET = 8.0;
				LD_RUNPATH_SEARCH_PATHS = "$(inherited) @executable_path/Frameworks";
				PRODUCT_BUNDLE_IDENTIFIER = net.papayachina.Judee;
				PRODUCT_NAME = "$(TARGET_NAME)";
				SWIFT_OBJC_BRIDGING_HEADER = "Judee/Judee-Bridging-Header.h";
				SWIFT_OPTIMIZATION_LEVEL = "-Onone";
			};
			name = Debug;
		};
		A45B7D631C5202F000C6EDB8 /* Release */ = {
			isa = XCBuildConfiguration;
			buildSettings = {
				ASSETCATALOG_COMPILER_APPICON_NAME = AppIcon;
				CLANG_ENABLE_MODULES = YES;
				INFOPLIST_FILE = Judee/Info.plist;
				IPHONEOS_DEPLOYMENT_TARGET = 8.0;
				LD_RUNPATH_SEARCH_PATHS = "$(inherited) @executable_path/Frameworks";
				PRODUCT_BUNDLE_IDENTIFIER = net.papayachina.Judee;
				PRODUCT_NAME = "$(TARGET_NAME)";
				SWIFT_OBJC_BRIDGING_HEADER = "Judee/Judee-Bridging-Header.h";
			};
			name = Release;
		};
/* End XCBuildConfiguration section */

/* Begin XCConfigurationList section */
		A45B7D4A1C5202F000C6EDB8 /* Build configuration list for PBXProject "Judee" */ = {
			isa = XCConfigurationList;
			buildConfigurations = (
				A45B7D5F1C5202F000C6EDB8 /* Debug */,
				A45B7D601C5202F000C6EDB8 /* Release */,
			);
			defaultConfigurationIsVisible = 0;
			defaultConfigurationName = Release;
		};
		A45B7D611C5202F000C6EDB8 /* Build configuration list for PBXNativeTarget "Judee" */ = {
			isa = XCConfigurationList;
			buildConfigurations = (
				A45B7D621C5202F000C6EDB8 /* Debug */,
				A45B7D631C5202F000C6EDB8 /* Release */,
			);
			defaultConfigurationIsVisible = 0;
			defaultConfigurationName = Release;
		};
/* End XCConfigurationList section */
	};
	rootObject = A45B7D471C5202F000C6EDB8 /* Project object */;
}
