// !$*UTF8*$!
{
	archiveVersion = 1;
	classes = {
	};
	objectVersion = 46;
	objects = {

/* Begin PBXBuildFile section */
		A4B1FB251BE87F4000882553 /* AppDelegate.swift in Sources */ = {isa = PBXBuildFile; fileRef = A4B1FB241BE87F4000882553 /* AppDelegate.swift */; };
		A4B1FB271BE87F4000882553 /* ViewController.swift in Sources */ = {isa = PBXBuildFile; fileRef = A4B1FB261BE87F4000882553 /* ViewController.swift */; };
		A4B1FB2A1BE87F4000882553 /* Main.storyboard in Resources */ = {isa = PBXBuildFile; fileRef = A4B1FB281BE87F4000882553 /* Main.storyboard */; };
		A4B1FB2D1BE87F4000882553 /* OrderFood.xcdatamodeld in Sources */ = {isa = PBXBuildFile; fileRef = A4B1FB2B1BE87F4000882553 /* OrderFood.xcdatamodeld */; };
		A4B1FB2F1BE87F4000882553 /* Assets.xcassets in Resources */ = {isa = PBXBuildFile; fileRef = A4B1FB2E1BE87F4000882553 /* Assets.xcassets */; };
		A4B1FB321BE87F4000882553 /* LaunchScreen.storyboard in Resources */ = {isa = PBXBuildFile; fileRef = A4B1FB301BE87F4000882553 /* LaunchScreen.storyboard */; };
		A4B1FB3D1BE87F4000882553 /* OrderFoodTests.swift in Sources */ = {isa = PBXBuildFile; fileRef = A4B1FB3C1BE87F4000882553 /* OrderFoodTests.swift */; };
		A4B1FB481BE87F4000882553 /* OrderFoodUITests.swift in Sources */ = {isa = PBXBuildFile; fileRef = A4B1FB471BE87F4000882553 /* OrderFoodUITests.swift */; };
		A4B1FB591BE887B000882553 /* 1.jpeg in Resources */ = {isa = PBXBuildFile; fileRef = A4B1FB551BE887B000882553 /* 1.jpeg */; };
		A4B1FB5A1BE887B000882553 /* 2.jpeg in Resources */ = {isa = PBXBuildFile; fileRef = A4B1FB561BE887B000882553 /* 2.jpeg */; };
		A4B1FB5B1BE887B000882553 /* 3.jpeg in Resources */ = {isa = PBXBuildFile; fileRef = A4B1FB571BE887B000882553 /* 3.jpeg */; };
		A4B1FB5C1BE887B000882553 /* 4.jpeg in Resources */ = {isa = PBXBuildFile; fileRef = A4B1FB581BE887B000882553 /* 4.jpeg */; };
/* End PBXBuildFile section */

/* Begin PBXContainerItemProxy section */
		A4B1FB391BE87F4000882553 /* PBXContainerItemProxy */ = {
			isa = PBXContainerItemProxy;
			containerPortal = A4B1FB191BE87F4000882553 /* Project object */;
			proxyType = 1;
			remoteGlobalIDString = A4B1FB201BE87F4000882553;
			remoteInfo = OrderFood;
		};
		A4B1FB441BE87F4000882553 /* PBXContainerItemProxy */ = {
			isa = PBXContainerItemProxy;
			containerPortal = A4B1FB191BE87F4000882553 /* Project object */;
			proxyType = 1;
			remoteGlobalIDString = A4B1FB201BE87F4000882553;
			remoteInfo = OrderFood;
		};
/* End PBXContainerItemProxy section */

/* Begin PBXFileReference section */
		A4B1FB211BE87F4000882553 /* OrderFood.app */ = {isa = PBXFileReference; explicitFileType = wrapper.application; includeInIndex = 0; path = OrderFood.app; sourceTree = BUILT_PRODUCTS_DIR; };
		A4B1FB241BE87F4000882553 /* AppDelegate.swift */ = {isa = PBXFileReference; lastKnownFileType = sourcecode.swift; path = AppDelegate.swift; sourceTree = "<group>"; };
		A4B1FB261BE87F4000882553 /* ViewController.swift */ = {isa = PBXFileReference; lastKnownFileType = sourcecode.swift; path = ViewController.swift; sourceTree = "<group>"; };
		A4B1FB291BE87F4000882553 /* Base */ = {isa = PBXFileReference; lastKnownFileType = file.storyboard; name = Base; path = Base.lproj/Main.storyboard; sourceTree = "<group>"; };
		A4B1FB2C1BE87F4000882553 /* OrderFood.xcdatamodel */ = {isa = PBXFileReference; lastKnownFileType = wrapper.xcdatamodel; path = OrderFood.xcdatamodel; sourceTree = "<group>"; };
		A4B1FB2E1BE87F4000882553 /* Assets.xcassets */ = {isa = PBXFileReference; lastKnownFileType = folder.assetcatalog; path = Assets.xcassets; sourceTree = "<group>"; };
		A4B1FB311BE87F4000882553 /* Base */ = {isa = PBXFileReference; lastKnownFileType = file.storyboard; name = Base; path = Base.lproj/LaunchScreen.storyboard; sourceTree = "<group>"; };
		A4B1FB331BE87F4000882553 /* Info.plist */ = {isa = PBXFileReference; lastKnownFileType = text.plist.xml; path = Info.plist; sourceTree = "<group>"; };
		A4B1FB381BE87F4000882553 /* OrderFoodTests.xctest */ = {isa = PBXFileReference; explicitFileType = wrapper.cfbundle; includeInIndex = 0; path = OrderFoodTests.xctest; sourceTree = BUILT_PRODUCTS_DIR; };
		A4B1FB3C1BE87F4000882553 /* OrderFoodTests.swift */ = {isa = PBXFileReference; lastKnownFileType = sourcecode.swift; path = OrderFoodTests.swift; sourceTree = "<group>"; };
		A4B1FB3E1BE87F4000882553 /* Info.plist */ = {isa = PBXFileReference; lastKnownFileType = text.plist.xml; path = Info.plist; sourceTree = "<group>"; };
		A4B1FB431BE87F4000882553 /* OrderFoodUITests.xctest */ = {isa = PBXFileReference; explicitFileType = wrapper.cfbundle; includeInIndex = 0; path = OrderFoodUITests.xctest; sourceTree = BUILT_PRODUCTS_DIR; };
		A4B1FB471BE87F4000882553 /* OrderFoodUITests.swift */ = {isa = PBXFileReference; lastKnownFileType = sourcecode.swift; path = OrderFoodUITests.swift; sourceTree = "<group>"; };
		A4B1FB491BE87F4000882553 /* Info.plist */ = {isa = PBXFileReference; lastKnownFileType = text.plist.xml; path = Info.plist; sourceTree = "<group>"; };
		A4B1FB551BE887B000882553 /* 1.jpeg */ = {isa = PBXFileReference; lastKnownFileType = image.jpeg; path = 1.jpeg; sourceTree = "<group>"; };
		A4B1FB561BE887B000882553 /* 2.jpeg */ = {isa = PBXFileReference; lastKnownFileType = image.jpeg; path = 2.jpeg; sourceTree = "<group>"; };
		A4B1FB571BE887B000882553 /* 3.jpeg */ = {isa = PBXFileReference; lastKnownFileType = image.jpeg; path = 3.jpeg; sourceTree = "<group>"; };
		A4B1FB581BE887B000882553 /* 4.jpeg */ = {isa = PBXFileReference; lastKnownFileType = image.jpeg; path = 4.jpeg; sourceTree = "<group>"; };
/* End PBXFileReference section */

/* Begin PBXFrameworksBuildPhase section */
		A4B1FB1E1BE87F4000882553 /* Frameworks */ = {
			isa = PBXFrameworksBuildPhase;
			buildActionMask = 2147483647;
			files = (
			);
			runOnlyForDeploymentPostprocessing = 0;
		};
		A4B1FB351BE87F4000882553 /* Frameworks */ = {
			isa = PBXFrameworksBuildPhase;
			buildActionMask = 2147483647;
			files = (
			);
			runOnlyForDeploymentPostprocessing = 0;
		};
		A4B1FB401BE87F4000882553 /* Frameworks */ = {
			isa = PBXFrameworksBuildPhase;
			buildActionMask = 2147483647;
			files = (
			);
			runOnlyForDeploymentPostprocessing = 0;
		};
/* End PBXFrameworksBuildPhase section */

/* Begin PBXGroup section */
		A4B1FB181BE87F4000882553 = {
			isa = PBXGroup;
			children = (
				A4B1FB231BE87F4000882553 /* OrderFood */,
				A4B1FB3B1BE87F4000882553 /* OrderFoodTests */,
				A4B1FB461BE87F4000882553 /* OrderFoodUITests */,
				A4B1FB221BE87F4000882553 /* Products */,
			);
			sourceTree = "<group>";
		};
		A4B1FB221BE87F4000882553 /* Products */ = {
			isa = PBXGroup;
			children = (
				A4B1FB211BE87F4000882553 /* OrderFood.app */,
				A4B1FB381BE87F4000882553 /* OrderFoodTests.xctest */,
				A4B1FB431BE87F4000882553 /* OrderFoodUITests.xctest */,
			);
			name = Products;
			sourceTree = "<group>";
		};
		A4B1FB231BE87F4000882553 /* OrderFood */ = {
			isa = PBXGroup;
			children = (
				A4B1FB551BE887B000882553 /* 1.jpeg */,
				A4B1FB561BE887B000882553 /* 2.jpeg */,
				A4B1FB571BE887B000882553 /* 3.jpeg */,
				A4B1FB581BE887B000882553 /* 4.jpeg */,
				A4B1FB241BE87F4000882553 /* AppDelegate.swift */,
				A4B1FB261BE87F4000882553 /* ViewController.swift */,
				A4B1FB281BE87F4000882553 /* Main.storyboard */,
				A4B1FB2E1BE87F4000882553 /* Assets.xcassets */,
				A4B1FB301BE87F4000882553 /* LaunchScreen.storyboard */,
				A4B1FB331BE87F4000882553 /* Info.plist */,
				A4B1FB2B1BE87F4000882553 /* OrderFood.xcdatamodeld */,
			);
			path = OrderFood;
			sourceTree = "<group>";
		};
		A4B1FB3B1BE87F4000882553 /* OrderFoodTests */ = {
			isa = PBXGroup;
			children = (
				A4B1FB3C1BE87F4000882553 /* OrderFoodTests.swift */,
				A4B1FB3E1BE87F4000882553 /* Info.plist */,
			);
			path = OrderFoodTests;
			sourceTree = "<group>";
		};
		A4B1FB461BE87F4000882553 /* OrderFoodUITests */ = {
			isa = PBXGroup;
			children = (
				A4B1FB471BE87F4000882553 /* OrderFoodUITests.swift */,
				A4B1FB491BE87F4000882553 /* Info.plist */,
			);
			path = OrderFoodUITests;
			sourceTree = "<group>";
		};
/* End PBXGroup section */

/* Begin PBXNativeTarget section */
		A4B1FB201BE87F4000882553 /* OrderFood */ = {
			isa = PBXNativeTarget;
			buildConfigurationList = A4B1FB4C1BE87F4000882553 /* Build configuration list for PBXNativeTarget "OrderFood" */;
			buildPhases = (
				A4B1FB1D1BE87F4000882553 /* Sources */,
				A4B1FB1E1BE87F4000882553 /* Frameworks */,
				A4B1FB1F1BE87F4000882553 /* Resources */,
			);
			buildRules = (
			);
			dependencies = (
			);
			name = OrderFood;
			productName = OrderFood;
			productReference = A4B1FB211BE87F4000882553 /* OrderFood.app */;
			productType = "com.apple.product-type.application";
		};
		A4B1FB371BE87F4000882553 /* OrderFoodTests */ = {
			isa = PBXNativeTarget;
			buildConfigurationList = A4B1FB4F1BE87F4000882553 /* Build configuration list for PBXNativeTarget "OrderFoodTests" */;
			buildPhases = (
				A4B1FB341BE87F4000882553 /* Sources */,
				A4B1FB351BE87F4000882553 /* Frameworks */,
				A4B1FB361BE87F4000882553 /* Resources */,
			);
			buildRules = (
			);
			dependencies = (
				A4B1FB3A1BE87F4000882553 /* PBXTargetDependency */,
			);
			name = OrderFoodTests;
			productName = OrderFoodTests;
			productReference = A4B1FB381BE87F4000882553 /* OrderFoodTests.xctest */;
			productType = "com.apple.product-type.bundle.unit-test";
		};
		A4B1FB421BE87F4000882553 /* OrderFoodUITests */ = {
			isa = PBXNativeTarget;
			buildConfigurationList = A4B1FB521BE87F4000882553 /* Build configuration list for PBXNativeTarget "OrderFoodUITests" */;
			buildPhases = (
				A4B1FB3F1BE87F4000882553 /* Sources */,
				A4B1FB401BE87F4000882553 /* Frameworks */,
				A4B1FB411BE87F4000882553 /* Resources */,
			);
			buildRules = (
			);
			dependencies = (
				A4B1FB451BE87F4000882553 /* PBXTargetDependency */,
			);
			name = OrderFoodUITests;
			productName = OrderFoodUITests;
			productReference = A4B1FB431BE87F4000882553 /* OrderFoodUITests.xctest */;
			productType = "com.apple.product-type.bundle.ui-testing";
		};
/* End PBXNativeTarget section */

/* Begin PBXProject section */
		A4B1FB191BE87F4000882553 /* Project object */ = {
			isa = PBXProject;
			attributes = {
				LastSwiftUpdateCheck = 0710;
				LastUpgradeCheck = 0710;
				ORGANIZATIONNAME = YaoJ;
				TargetAttributes = {
					A4B1FB201BE87F4000882553 = {
						CreatedOnToolsVersion = 7.1;
					};
					A4B1FB371BE87F4000882553 = {
						CreatedOnToolsVersion = 7.1;
						TestTargetID = A4B1FB201BE87F4000882553;
					};
					A4B1FB421BE87F4000882553 = {
						CreatedOnToolsVersion = 7.1;
						TestTargetID = A4B1FB201BE87F4000882553;
					};
				};
			};
			buildConfigurationList = A4B1FB1C1BE87F4000882553 /* Build configuration list for PBXProject "OrderFood" */;
			compatibilityVersion = "Xcode 3.2";
			developmentRegion = English;
			hasScannedForEncodings = 0;
			knownRegions = (
				en,
				Base,
			);
			mainGroup = A4B1FB181BE87F4000882553;
			productRefGroup = A4B1FB221BE87F4000882553 /* Products */;
			projectDirPath = "";
			projectRoot = "";
			targets = (
				A4B1FB201BE87F4000882553 /* OrderFood */,
				A4B1FB371BE87F4000882553 /* OrderFoodTests */,
				A4B1FB421BE87F4000882553 /* OrderFoodUITests */,
			);
		};
/* End PBXProject section */

/* Begin PBXResourcesBuildPhase section */
		A4B1FB1F1BE87F4000882553 /* Resources */ = {
			isa = PBXResourcesBuildPhase;
			buildActionMask = 2147483647;
			files = (
				A4B1FB5A1BE887B000882553 /* 2.jpeg in Resources */,
				A4B1FB321BE87F4000882553 /* LaunchScreen.storyboard in Resources */,
				A4B1FB2F1BE87F4000882553 /* Assets.xcassets in Resources */,
				A4B1FB5B1BE887B000882553 /* 3.jpeg in Resources */,
				A4B1FB5C1BE887B000882553 /* 4.jpeg in Resources */,
				A4B1FB2A1BE87F4000882553 /* Main.storyboard in Resources */,
				A4B1FB591BE887B000882553 /* 1.jpeg in Resources */,
			);
			runOnlyForDeploymentPostprocessing = 0;
		};
		A4B1FB361BE87F4000882553 /* Resources */ = {
			isa = PBXResourcesBuildPhase;
			buildActionMask = 2147483647;
			files = (
			);
			runOnlyForDeploymentPostprocessing = 0;
		};
		A4B1FB411BE87F4000882553 /* Resources */ = {
			isa = PBXResourcesBuildPhase;
			buildActionMask = 2147483647;
			files = (
			);
			runOnlyForDeploymentPostprocessing = 0;
		};
/* End PBXResourcesBuildPhase section */

/* Begin PBXSourcesBuildPhase section */
		A4B1FB1D1BE87F4000882553 /* Sources */ = {
			isa = PBXSourcesBuildPhase;
			buildActionMask = 2147483647;
			files = (
				A4B1FB271BE87F4000882553 /* ViewController.swift in Sources */,
				A4B1FB251BE87F4000882553 /* AppDelegate.swift in Sources */,
				A4B1FB2D1BE87F4000882553 /* OrderFood.xcdatamodeld in Sources */,
			);
			runOnlyForDeploymentPostprocessing = 0;
		};
		A4B1FB341BE87F4000882553 /* Sources */ = {
			isa = PBXSourcesBuildPhase;
			buildActionMask = 2147483647;
			files = (
				A4B1FB3D1BE87F4000882553 /* OrderFoodTests.swift in Sources */,
			);
			runOnlyForDeploymentPostprocessing = 0;
		};
		A4B1FB3F1BE87F4000882553 /* Sources */ = {
			isa = PBXSourcesBuildPhase;
			buildActionMask = 2147483647;
			files = (
				A4B1FB481BE87F4000882553 /* OrderFoodUITests.swift in Sources */,
			);
			runOnlyForDeploymentPostprocessing = 0;
		};
/* End PBXSourcesBuildPhase section */

/* Begin PBXTargetDependency section */
		A4B1FB3A1BE87F4000882553 /* PBXTargetDependency */ = {
			isa = PBXTargetDependency;
			target = A4B1FB201BE87F4000882553 /* OrderFood */;
			targetProxy = A4B1FB391BE87F4000882553 /* PBXContainerItemProxy */;
		};
		A4B1FB451BE87F4000882553 /* PBXTargetDependency */ = {
			isa = PBXTargetDependency;
			target = A4B1FB201BE87F4000882553 /* OrderFood */;
			targetProxy = A4B1FB441BE87F4000882553 /* PBXContainerItemProxy */;
		};
/* End PBXTargetDependency section */

/* Begin PBXVariantGroup section */
		A4B1FB281BE87F4000882553 /* Main.storyboard */ = {
			isa = PBXVariantGroup;
			children = (
				A4B1FB291BE87F4000882553 /* Base */,
			);
			name = Main.storyboard;
			sourceTree = "<group>";
		};
		A4B1FB301BE87F4000882553 /* LaunchScreen.storyboard */ = {
			isa = PBXVariantGroup;
			children = (
				A4B1FB311BE87F4000882553 /* Base */,
			);
			name = LaunchScreen.storyboard;
			sourceTree = "<group>";
		};
/* End PBXVariantGroup section */

/* Begin XCBuildConfiguration section */
		A4B1FB4A1BE87F4000882553 /* Debug */ = {
			isa = XCBuildConfiguration;
			buildSettings = {
				ALWAYS_SEARCH_USER_PATHS = NO;
				CLANG_CXX_LANGUAGE_STANDARD = "gnu++0x";
				CLANG_CXX_LIBRARY = "libc++";
				CLANG_ENABLE_MODULES = YES;
				CLANG_ENABLE_OBJC_ARC = YES;
				CLANG_WARN_BOOL_CONVERSION = YES;
				CLANG_WARN_CONSTANT_CONVERSION = YES;
				CLANG_WARN_DIRECT_OBJC_ISA_USAGE = YES_ERROR;
				CLANG_WARN_EMPTY_BODY = YES;
				CLANG_WARN_ENUM_CONVERSION = YES;
				CLANG_WARN_INT_CONVERSION = YES;
				CLANG_WARN_OBJC_ROOT_CLASS = YES_ERROR;
				CLANG_WARN_UNREACHABLE_CODE = YES;
				CLANG_WARN__DUPLICATE_METHOD_MATCH = YES;
				"CODE_SIGN_IDENTITY[sdk=iphoneos*]" = "iPhone Developer";
				COPY_PHASE_STRIP = NO;
				DEBUG_INFORMATION_FORMAT = dwarf;
				ENABLE_STRICT_OBJC_MSGSEND = YES;
				ENABLE_TESTABILITY = YES;
				GCC_C_LANGUAGE_STANDARD = gnu99;
				GCC_DYNAMIC_NO_PIC = NO;
				GCC_NO_COMMON_BLOCKS = YES;
				GCC_OPTIMIZATION_LEVEL = 0;
				GCC_PREPROCESSOR_DEFINITIONS = (
					"DEBUG=1",
					"$(inherited)",
				);
				GCC_WARN_64_TO_32_BIT_CONVERSION = YES;
				GCC_WARN_ABOUT_RETURN_TYPE = YES_ERROR;
				GCC_WARN_UNDECLARED_SELECTOR = YES;
				GCC_WARN_UNINITIALIZED_AUTOS = YES_AGGRESSIVE;
				GCC_WARN_UNUSED_FUNCTION = YES;
				GCC_WARN_UNUSED_VARIABLE = YES;
				IPHONEOS_DEPLOYMENT_TARGET = 9.1;
				MTL_ENABLE_DEBUG_INFO = YES;
				ONLY_ACTIVE_ARCH = YES;
				SDKROOT = iphoneos;
				SWIFT_OPTIMIZATION_LEVEL = "-Onone";
				TARGETED_DEVICE_FAMILY = 2;
			};
			name = Debug;
		};
		A4B1FB4B1BE87F4000882553 /* Release */ = {
			isa = XCBuildConfiguration;
			buildSettings = {
				ALWAYS_SEARCH_USER_PATHS = NO;
				CLANG_CXX_LANGUAGE_STANDARD = "gnu++0x";
				CLANG_CXX_LIBRARY = "libc++";
				CLANG_ENABLE_MODULES = YES;
				CLANG_ENABLE_OBJC_ARC = YES;
				CLANG_WARN_BOOL_CONVERSION = YES;
				CLANG_WARN_CONSTANT_CONVERSION = YES;
				CLANG_WARN_DIRECT_OBJC_ISA_USAGE = YES_ERROR;
				CLANG_WARN_EMPTY_BODY = YES;
				CLANG_WARN_ENUM_CONVERSION = YES;
				CLANG_WARN_INT_CONVERSION = YES;
				CLANG_WARN_OBJC_ROOT_CLASS = YES_ERROR;
				CLANG_WARN_UNREACHABLE_CODE = YES;
				CLANG_WARN__DUPLICATE_METHOD_MATCH = YES;
				"CODE_SIGN_IDENTITY[sdk=iphoneos*]" = "iPhone Developer";
				COPY_PHASE_STRIP = NO;
				DEBUG_INFORMATION_FORMAT = "dwarf-with-dsym";
				ENABLE_NS_ASSERTIONS = NO;
				ENABLE_STRICT_OBJC_MSGSEND = YES;
				GCC_C_LANGUAGE_STANDARD = gnu99;
				GCC_NO_COMMON_BLOCKS = YES;
				GCC_WARN_64_TO_32_BIT_CONVERSION = YES;
				GCC_WARN_ABOUT_RETURN_TYPE = YES_ERROR;
				GCC_WARN_UNDECLARED_SELECTOR = YES;
				GCC_WARN_UNINITIALIZED_AUTOS = YES_AGGRESSIVE;
				GCC_WARN_UNUSED_FUNCTION = YES;
				GCC_WARN_UNUSED_VARIABLE = YES;
				IPHONEOS_DEPLOYMENT_TARGET = 9.1;
				MTL_ENABLE_DEBUG_INFO = NO;
				SDKROOT = iphoneos;
				TARGETED_DEVICE_FAMILY = 2;
				VALIDATE_PRODUCT = YES;
			};
			name = Release;
		};
		A4B1FB4D1BE87F4000882553 /* Debug */ = {
			isa = XCBuildConfiguration;
			buildSettings = {
				ASSETCATALOG_COMPILER_APPICON_NAME = AppIcon;
				INFOPLIST_FILE = OrderFood/Info.plist;
				LD_RUNPATH_SEARCH_PATHS = "$(inherited) @executable_path/Frameworks";
				PRODUCT_BUNDLE_IDENTIFIER = net.papayachina.OrderFood;
				PRODUCT_NAME = "$(TARGET_NAME)";
			};
			name = Debug;
		};
		A4B1FB4E1BE87F4000882553 /* Release */ = {
			isa = XCBuildConfiguration;
			buildSettings = {
				ASSETCATALOG_COMPILER_APPICON_NAME = AppIcon;
				INFOPLIST_FILE = OrderFood/Info.plist;
				LD_RUNPATH_SEARCH_PATHS = "$(inherited) @executable_path/Frameworks";
				PRODUCT_BUNDLE_IDENTIFIER = net.papayachina.OrderFood;
				PRODUCT_NAME = "$(TARGET_NAME)";
			};
			name = Release;
		};
		A4B1FB501BE87F4000882553 /* Debug */ = {
			isa = XCBuildConfiguration;
			buildSettings = {
				BUNDLE_LOADER = "$(TEST_HOST)";
				INFOPLIST_FILE = OrderFoodTests/Info.plist;
				LD_RUNPATH_SEARCH_PATHS = "$(inherited) @executable_path/Frameworks @loader_path/Frameworks";
				PRODUCT_BUNDLE_IDENTIFIER = net.papayachina.OrderFoodTests;
				PRODUCT_NAME = "$(TARGET_NAME)";
				TEST_HOST = "$(BUILT_PRODUCTS_DIR)/OrderFood.app/OrderFood";
			};
			name = Debug;
		};
		A4B1FB511BE87F4000882553 /* Release */ = {
			isa = XCBuildConfiguration;
			buildSettings = {
				BUNDLE_LOADER = "$(TEST_HOST)";
				INFOPLIST_FILE = OrderFoodTests/Info.plist;
				LD_RUNPATH_SEARCH_PATHS = "$(inherited) @executable_path/Frameworks @loader_path/Frameworks";
				PRODUCT_BUNDLE_IDENTIFIER = net.papayachina.OrderFoodTests;
				PRODUCT_NAME = "$(TARGET_NAME)";
				TEST_HOST = "$(BUILT_PRODUCTS_DIR)/OrderFood.app/OrderFood";
			};
			name = Release;
		};
		A4B1FB531BE87F4000882553 /* Debug */ = {
			isa = XCBuildConfiguration;
			buildSettings = {
				INFOPLIST_FILE = OrderFoodUITests/Info.plist;
				LD_RUNPATH_SEARCH_PATHS = "$(inherited) @executable_path/Frameworks @loader_path/Frameworks";
				PRODUCT_BUNDLE_IDENTIFIER = net.papayachina.OrderFoodUITests;
				PRODUCT_NAME = "$(TARGET_NAME)";
				TEST_TARGET_NAME = OrderFood;
				USES_XCTRUNNER = YES;
			};
			name = Debug;
		};
		A4B1FB541BE87F4000882553 /* Release */ = {
			isa = XCBuildConfiguration;
			buildSettings = {
				INFOPLIST_FILE = OrderFoodUITests/Info.plist;
				LD_RUNPATH_SEARCH_PATHS = "$(inherited) @executable_path/Frameworks @loader_path/Frameworks";
				PRODUCT_BUNDLE_IDENTIFIER = net.papayachina.OrderFoodUITests;
				PRODUCT_NAME = "$(TARGET_NAME)";
				TEST_TARGET_NAME = OrderFood;
				USES_XCTRUNNER = YES;
			};
			name = Release;
		};
/* End XCBuildConfiguration section */

/* Begin XCConfigurationList section */
		A4B1FB1C1BE87F4000882553 /* Build configuration list for PBXProject "OrderFood" */ = {
			isa = XCConfigurationList;
			buildConfigurations = (
				A4B1FB4A1BE87F4000882553 /* Debug */,
				A4B1FB4B1BE87F4000882553 /* Release */,
			);
			defaultConfigurationIsVisible = 0;
			defaultConfigurationName = Release;
		};
		A4B1FB4C1BE87F4000882553 /* Build configuration list for PBXNativeTarget "OrderFood" */ = {
			isa = XCConfigurationList;
			buildConfigurations = (
				A4B1FB4D1BE87F4000882553 /* Debug */,
				A4B1FB4E1BE87F4000882553 /* Release */,
			);
			defaultConfigurationIsVisible = 0;
		};
		A4B1FB4F1BE87F4000882553 /* Build configuration list for PBXNativeTarget "OrderFoodTests" */ = {
			isa = XCConfigurationList;
			buildConfigurations = (
				A4B1FB501BE87F4000882553 /* Debug */,
				A4B1FB511BE87F4000882553 /* Release */,
			);
			defaultConfigurationIsVisible = 0;
		};
		A4B1FB521BE87F4000882553 /* Build configuration list for PBXNativeTarget "OrderFoodUITests" */ = {
			isa = XCConfigurationList;
			buildConfigurations = (
				A4B1FB531BE87F4000882553 /* Debug */,
				A4B1FB541BE87F4000882553 /* Release */,
			);
			defaultConfigurationIsVisible = 0;
		};
/* End XCConfigurationList section */

/* Begin XCVersionGroup section */
		A4B1FB2B1BE87F4000882553 /* OrderFood.xcdatamodeld */ = {
			isa = XCVersionGroup;
			children = (
				A4B1FB2C1BE87F4000882553 /* OrderFood.xcdatamodel */,
			);
			currentVersion = A4B1FB2C1BE87F4000882553 /* OrderFood.xcdatamodel */;
			path = OrderFood.xcdatamodeld;
			sourceTree = "<group>";
			versionGroupType = wrapper.xcdatamodel;
		};
/* End XCVersionGroup section */
	};
	rootObject = A4B1FB191BE87F4000882553 /* Project object */;
}
